// !$*UTF8*$!
{
	archiveVersion = 1;
	classes = {
	};
	objectVersion = 55;
	objects = {

/* Begin PBXBuildFile section */
		300A7F2C71E9911B9DE9A5BD /* Base.swift in Sources */ = {isa = PBXBuildFile; fileRef = ED41D354D5AE38D5B1280947 /* Base.swift */; };
		5700ECA6FD38B77D693B0091 /* Model.framework in Dependencies */ = {isa = PBXBuildFile; fileRef = 209525459216D5CD40B81F82 /* Model.framework */; };
		66998A96645025557C41895C /* Base.swift in Sources */ = {isa = PBXBuildFile; fileRef = ED41D354D5AE38D5B1280947 /* Base.swift */; };
		7916B50FD14F5EF38C809048 /* Base.swift in Sources */ = {isa = PBXBuildFile; fileRef = ED41D354D5AE38D5B1280947 /* Base.swift */; };
		8C520704A554D01DC2011903 /* Base.swift in Sources */ = {isa = PBXBuildFile; fileRef = ED41D354D5AE38D5B1280947 /* Base.swift */; };
		8EFBDFE48EE37EC4A310E3F5 /* Model.framework in Dependencies */ = {isa = PBXBuildFile; fileRef = 209525459216D5CD40B81F82 /* Model.framework */; };
		9A0C98812BF5FFA414CFB1CA /* Model.framework in Frameworks */ = {isa = PBXBuildFile; fileRef = 209525459216D5CD40B81F82 /* Model.framework */; };
		A7731722AD26181D6EBEE9A0 /* Entity.framework in Frameworks */ = {isa = PBXBuildFile; fileRef = 6D3D722D8A39C97CE4035A34 /* Entity.framework */; };
		D5AB84F03933D55C5618D8B9 /* Model.framework in Dependencies */ = {isa = PBXBuildFile; fileRef = 209525459216D5CD40B81F82 /* Model.framework */; };
		E3A1102D7A459CEBD9454CF1 /* Test.swift in Sources */ = {isa = PBXBuildFile; fileRef = 7F3475DDDF8FD92B3EADBBA9 /* Test.swift */; };
		EAF9FA5186D62449AA07F8B3 /* Model.framework in Dependencies */ = {isa = PBXBuildFile; fileRef = 209525459216D5CD40B81F82 /* Model.framework */; };
/* End PBXBuildFile section */

/* Begin PBXContainerItemProxy section */
		22A8F0073A67C0084E049956 /* PBXContainerItemProxy */ = {
			isa = PBXContainerItemProxy;
			containerPortal = C0331ED0A44E915A96750580 /* Project object */;
			proxyType = 1;
			remoteGlobalIDString = 042DC66B2D24AF498EE37349;
			remoteInfo = Entity;
		};
/* End PBXContainerItemProxy section */

/* Begin PBXCopyFilesBuildPhase section */
		6847AD067831ABF30691DADF /* Dependencies */ = {
			isa = PBXCopyFilesBuildPhase;
			buildActionMask = 8;
			dstSubfolderSpec = 16;
			files = (
				D5AB84F03933D55C5618D8B9 /* Model.framework in Dependencies */,
			);
			name = Dependencies;
			runOnlyForDeploymentPostprocessing = 1;
		};
		790E71595980078A98576700 /* Embed Frameworks */ = {
			isa = PBXCopyFilesBuildPhase;
			buildActionMask = 2147483647;
			dstPath = "";
			dstSubfolderSpec = 10;
			files = (
			);
			name = "Embed Frameworks";
			runOnlyForDeploymentPostprocessing = 0;
		};
		7DC2E1D6A2AC409B804299C1 /* Embed Frameworks */ = {
			isa = PBXCopyFilesBuildPhase;
			buildActionMask = 2147483647;
			dstPath = "";
			dstSubfolderSpec = 10;
			files = (
			);
			name = "Embed Frameworks";
			runOnlyForDeploymentPostprocessing = 0;
		};
		8F0C41C755A87888178A4114 /* Dependencies */ = {
			isa = PBXCopyFilesBuildPhase;
			buildActionMask = 8;
			dstSubfolderSpec = 16;
			files = (
				EAF9FA5186D62449AA07F8B3 /* Model.framework in Dependencies */,
			);
			name = Dependencies;
			runOnlyForDeploymentPostprocessing = 1;
		};
		9029698398B431466FD13A5B /* Embed Frameworks */ = {
			isa = PBXCopyFilesBuildPhase;
			buildActionMask = 2147483647;
			dstPath = "";
			dstSubfolderSpec = 10;
			files = (
			);
			name = "Embed Frameworks";
			runOnlyForDeploymentPostprocessing = 0;
		};
		90CDECEE18B16B4E58461703 /* Dependencies */ = {
			isa = PBXCopyFilesBuildPhase;
			buildActionMask = 8;
			dstSubfolderSpec = 16;
			files = (
				8EFBDFE48EE37EC4A310E3F5 /* Model.framework in Dependencies */,
			);
			name = Dependencies;
			runOnlyForDeploymentPostprocessing = 1;
		};
		A7853DFF760FB0BFAB0151D3 /* Embed Frameworks */ = {
			isa = PBXCopyFilesBuildPhase;
			buildActionMask = 2147483647;
			dstPath = "";
			dstSubfolderSpec = 10;
			files = (
			);
			name = "Embed Frameworks";
			runOnlyForDeploymentPostprocessing = 0;
		};
		CF10AE627F596663B7AA26AA /* Dependencies */ = {
			isa = PBXCopyFilesBuildPhase;
			buildActionMask = 8;
			dstSubfolderSpec = 16;
			files = (
				5700ECA6FD38B77D693B0091 /* Model.framework in Dependencies */,
			);
			name = Dependencies;
			runOnlyForDeploymentPostprocessing = 1;
		};
		EE4D2DC9DAB7D622F2DCB391 /* Embed Frameworks */ = {
			isa = PBXCopyFilesBuildPhase;
			buildActionMask = 2147483647;
			dstPath = "";
			dstSubfolderSpec = 10;
			files = (
			);
			name = "Embed Frameworks";
			runOnlyForDeploymentPostprocessing = 0;
		};
/* End PBXCopyFilesBuildPhase section */

/* Begin PBXFileReference section */
		209525459216D5CD40B81F82 /* Model.framework */ = {isa = PBXFileReference; explicitFileType = wrapper.framework; includeInIndex = 0; path = Model.framework; sourceTree = BUILT_PRODUCTS_DIR; };
		40EBC703573820B17E0EC445 /* Entity-Prod-Info.plist */ = {isa = PBXFileReference; lastKnownFileType = text.plist; path = "Entity-Prod-Info.plist"; sourceTree = "<group>"; };
		6D3D722D8A39C97CE4035A34 /* Entity.framework */ = {isa = PBXFileReference; explicitFileType = wrapper.framework; includeInIndex = 0; path = Entity.framework; sourceTree = BUILT_PRODUCTS_DIR; };
		7F3475DDDF8FD92B3EADBBA9 /* Test.swift */ = {isa = PBXFileReference; lastKnownFileType = sourcecode.swift; path = Test.swift; sourceTree = "<group>"; };
		84059943E0A3A48A809F3C4C /* Entity-Debug-Info.plist */ = {isa = PBXFileReference; lastKnownFileType = text.plist; path = "Entity-Debug-Info.plist"; sourceTree = "<group>"; };
		A74AA0F8625D0A07993367BF /* EntityTests.xctest */ = {isa = PBXFileReference; explicitFileType = wrapper.cfbundle; includeInIndex = 0; path = EntityTests.xctest; sourceTree = BUILT_PRODUCTS_DIR; };
		A87997AABEB213C299AB6029 /* Entity_Debug.framework */ = {isa = PBXFileReference; explicitFileType = wrapper.framework; includeInIndex = 0; path = Entity_Debug.framework; sourceTree = BUILT_PRODUCTS_DIR; };
		ABA430F34FE184D117992A67 /* Entity_Prod.framework */ = {isa = PBXFileReference; explicitFileType = wrapper.framework; includeInIndex = 0; path = Entity_Prod.framework; sourceTree = BUILT_PRODUCTS_DIR; };
		ADD02B70E9B6457CEA10605C /* Entity-Stage-Info.plist */ = {isa = PBXFileReference; lastKnownFileType = text.plist; path = "Entity-Stage-Info.plist"; sourceTree = "<group>"; };
		D11CC460DEE0B2237C4DB35C /* Entity_Stage.framework */ = {isa = PBXFileReference; explicitFileType = wrapper.framework; includeInIndex = 0; path = Entity_Stage.framework; sourceTree = BUILT_PRODUCTS_DIR; };
		D8E21D4AEFA7909A196470C7 /* EntityTests-Info.plist */ = {isa = PBXFileReference; lastKnownFileType = text.plist; path = "EntityTests-Info.plist"; sourceTree = "<group>"; };
		EC3F3B371A50B9040A79757C /* Entity-Info.plist */ = {isa = PBXFileReference; lastKnownFileType = text.plist; path = "Entity-Info.plist"; sourceTree = "<group>"; };
		ED41D354D5AE38D5B1280947 /* Base.swift */ = {isa = PBXFileReference; lastKnownFileType = sourcecode.swift; path = Base.swift; sourceTree = "<group>"; };
/* End PBXFileReference section */

/* Begin PBXFrameworksBuildPhase section */
		212F61E0D160AB416E8F8B42 /* Frameworks */ = {
			isa = PBXFrameworksBuildPhase;
			buildActionMask = 2147483647;
			files = (
			);
			runOnlyForDeploymentPostprocessing = 0;
		};
		6636972E2F623A6968B12EF0 /* Frameworks */ = {
			isa = PBXFrameworksBuildPhase;
			buildActionMask = 2147483647;
			files = (
			);
			runOnlyForDeploymentPostprocessing = 0;
		};
		71A87BD5B9461548749E3CCF /* Frameworks */ = {
			isa = PBXFrameworksBuildPhase;
			buildActionMask = 2147483647;
			files = (
			);
			runOnlyForDeploymentPostprocessing = 0;
		};
		78B48D204637ED43D873D9F8 /* Frameworks */ = {
			isa = PBXFrameworksBuildPhase;
			buildActionMask = 2147483647;
			files = (
			);
			runOnlyForDeploymentPostprocessing = 0;
		};
		FA17CF35C3DFE2D8CAE7571C /* Frameworks */ = {
			isa = PBXFrameworksBuildPhase;
			buildActionMask = 2147483647;
			files = (
				A7731722AD26181D6EBEE9A0 /* Entity.framework in Frameworks */,
				9A0C98812BF5FFA414CFB1CA /* Model.framework in Frameworks */,
			);
			runOnlyForDeploymentPostprocessing = 0;
		};
/* End PBXFrameworksBuildPhase section */

/* Begin PBXGroup section */
		0404EA80A230F636AB94A40B /* Sources */ = {
			isa = PBXGroup;
			children = (
				7F3475DDDF8FD92B3EADBBA9 /* Test.swift */,
			);
			path = Sources;
			sourceTree = "<group>";
		};
		26D9E8A91BF23A64D372DEA7 /* InfoPlists */ = {
			isa = PBXGroup;
			children = (
				84059943E0A3A48A809F3C4C /* Entity-Debug-Info.plist */,
				EC3F3B371A50B9040A79757C /* Entity-Info.plist */,
				40EBC703573820B17E0EC445 /* Entity-Prod-Info.plist */,
				ADD02B70E9B6457CEA10605C /* Entity-Stage-Info.plist */,
				D8E21D4AEFA7909A196470C7 /* EntityTests-Info.plist */,
			);
			path = InfoPlists;
			sourceTree = "<group>";
		};
		94848A92B2439CAF097F53A8 = {
			isa = PBXGroup;
			children = (
				9626F25F75590DD7421AF872 /* Project */,
				BFF353ABC01AAA0A9CB14C11 /* Products */,
			);
			sourceTree = "<group>";
		};
		9626F25F75590DD7421AF872 /* Project */ = {
			isa = PBXGroup;
			children = (
				E22B0573C6119F4E241BB889 /* Derived */,
				B50A7FBC9B4628D7B9821F7F /* EntityTests */,
				F84F561EE26EEAB65CBD9853 /* Sources */,
			);
			name = Project;
			sourceTree = "<group>";
		};
		B50A7FBC9B4628D7B9821F7F /* EntityTests */ = {
			isa = PBXGroup;
			children = (
				0404EA80A230F636AB94A40B /* Sources */,
			);
			path = EntityTests;
			sourceTree = "<group>";
		};
		BFF353ABC01AAA0A9CB14C11 /* Products */ = {
			isa = PBXGroup;
			children = (
				A87997AABEB213C299AB6029 /* Entity_Debug.framework */,
				ABA430F34FE184D117992A67 /* Entity_Prod.framework */,
				D11CC460DEE0B2237C4DB35C /* Entity_Stage.framework */,
				6D3D722D8A39C97CE4035A34 /* Entity.framework */,
				A74AA0F8625D0A07993367BF /* EntityTests.xctest */,
				209525459216D5CD40B81F82 /* Model.framework */,
			);
			name = Products;
			sourceTree = "<group>";
		};
		E22B0573C6119F4E241BB889 /* Derived */ = {
			isa = PBXGroup;
			children = (
				26D9E8A91BF23A64D372DEA7 /* InfoPlists */,
			);
			path = Derived;
			sourceTree = "<group>";
		};
		F84F561EE26EEAB65CBD9853 /* Sources */ = {
			isa = PBXGroup;
			children = (
				ED41D354D5AE38D5B1280947 /* Base.swift */,
			);
			path = Sources;
			sourceTree = "<group>";
		};
/* End PBXGroup section */

/* Begin PBXNativeTarget section */
		042DC66B2D24AF498EE37349 /* Entity */ = {
			isa = PBXNativeTarget;
			buildConfigurationList = DC419A0F2B583904708FB322 /* Build configuration list for PBXNativeTarget "Entity" */;
			buildPhases = (
				551FF3CB860B67C3FA82D28D /* Sources */,
				03E6AE5A1CAF748C505A2A3E /* Resources */,
				78B48D204637ED43D873D9F8 /* Frameworks */,
				EE4D2DC9DAB7D622F2DCB391 /* Embed Frameworks */,
				8F0C41C755A87888178A4114 /* Dependencies */,
			);
			buildRules = (
			);
			dependencies = (
			);
			name = Entity;
			packageProductDependencies = (
			);
			productName = Entity;
			productReference = 6D3D722D8A39C97CE4035A34 /* Entity.framework */;
			productType = "com.apple.product-type.framework";
		};
		12FA9FF4920EB785A779682F /* Entity-Stage */ = {
			isa = PBXNativeTarget;
			buildConfigurationList = 6A6FE43155D3BF06FA398943 /* Build configuration list for PBXNativeTarget "Entity-Stage" */;
			buildPhases = (
				4F7B705241A1D29EA5EC16DD /* Sources */,
				82D1A0FF15542E58CAB73A4B /* Resources */,
				71A87BD5B9461548749E3CCF /* Frameworks */,
				A7853DFF760FB0BFAB0151D3 /* Embed Frameworks */,
				90CDECEE18B16B4E58461703 /* Dependencies */,
			);
			buildRules = (
			);
			dependencies = (
			);
			name = "Entity-Stage";
			packageProductDependencies = (
			);
			productName = Entity_Stage;
			productReference = D11CC460DEE0B2237C4DB35C /* Entity_Stage.framework */;
			productType = "com.apple.product-type.framework";
		};
		37CA9F71C482C4E5FB04724E /* Entity-Debug */ = {
			isa = PBXNativeTarget;
			buildConfigurationList = CB29CF786D94F705D83FCCE0 /* Build configuration list for PBXNativeTarget "Entity-Debug" */;
			buildPhases = (
				C3FF1664DBC7DE7F35B2C550 /* Sources */,
				3018D2525C51FDA27C2A568D /* Resources */,
				6636972E2F623A6968B12EF0 /* Frameworks */,
				7DC2E1D6A2AC409B804299C1 /* Embed Frameworks */,
				CF10AE627F596663B7AA26AA /* Dependencies */,
			);
			buildRules = (
			);
			dependencies = (
			);
			name = "Entity-Debug";
			packageProductDependencies = (
			);
			productName = Entity_Debug;
			productReference = A87997AABEB213C299AB6029 /* Entity_Debug.framework */;
			productType = "com.apple.product-type.framework";
		};
		73390D9D70410F6EF6FD8A3C /* Entity-Prod */ = {
			isa = PBXNativeTarget;
			buildConfigurationList = 00387250BA68E543F66C146B /* Build configuration list for PBXNativeTarget "Entity-Prod" */;
			buildPhases = (
				A646F9DCEA50AE21088FE0A0 /* Sources */,
				F12668D72E268CD2F925C9A0 /* Resources */,
				212F61E0D160AB416E8F8B42 /* Frameworks */,
				790E71595980078A98576700 /* Embed Frameworks */,
				6847AD067831ABF30691DADF /* Dependencies */,
			);
			buildRules = (
			);
			dependencies = (
			);
			name = "Entity-Prod";
			packageProductDependencies = (
			);
			productName = Entity_Prod;
			productReference = ABA430F34FE184D117992A67 /* Entity_Prod.framework */;
			productType = "com.apple.product-type.framework";
		};
		ACA09057B39B93DFEB1C02D7 /* EntityTests */ = {
			isa = PBXNativeTarget;
			buildConfigurationList = 32AAC9132B73A146D1DE0D45 /* Build configuration list for PBXNativeTarget "EntityTests" */;
			buildPhases = (
				133B8F55E9CFC25681C86110 /* Sources */,
				C43682F0DCD246A17A0725E6 /* Resources */,
				FA17CF35C3DFE2D8CAE7571C /* Frameworks */,
				9029698398B431466FD13A5B /* Embed Frameworks */,
			);
			buildRules = (
			);
			dependencies = (
				0EA1C8A00BF8E5182F6952E0 /* PBXTargetDependency */,
			);
			name = EntityTests;
			packageProductDependencies = (
			);
			productName = EntityTests;
			productReference = A74AA0F8625D0A07993367BF /* EntityTests.xctest */;
			productType = "com.apple.product-type.bundle.unit-test";
		};
/* End PBXNativeTarget section */

/* Begin PBXProject section */
		C0331ED0A44E915A96750580 /* Project object */ = {
			isa = PBXProject;
			attributes = {
				BuildIndependentTargetsInParallel = YES;
				TargetAttributes = {
				};
			};
			buildConfigurationList = C85ABA34F5262643211DAA3D /* Build configuration list for PBXProject "Entity" */;
			compatibilityVersion = "Xcode 14.0";
			developmentRegion = ko;
			hasScannedForEncodings = 0;
			knownRegions = (
				en,
				ko,
			);
			mainGroup = 94848A92B2439CAF097F53A8;
			productRefGroup = BFF353ABC01AAA0A9CB14C11 /* Products */;
			projectDirPath = "";
			projectRoot = "";
			targets = (
				042DC66B2D24AF498EE37349 /* Entity */,
				37CA9F71C482C4E5FB04724E /* Entity-Debug */,
				73390D9D70410F6EF6FD8A3C /* Entity-Prod */,
				12FA9FF4920EB785A779682F /* Entity-Stage */,
				ACA09057B39B93DFEB1C02D7 /* EntityTests */,
			);
		};
/* End PBXProject section */

/* Begin PBXResourcesBuildPhase section */
		03E6AE5A1CAF748C505A2A3E /* Resources */ = {
			isa = PBXResourcesBuildPhase;
			buildActionMask = 2147483647;
			files = (
			);
			runOnlyForDeploymentPostprocessing = 0;
		};
		3018D2525C51FDA27C2A568D /* Resources */ = {
			isa = PBXResourcesBuildPhase;
			buildActionMask = 2147483647;
			files = (
			);
			runOnlyForDeploymentPostprocessing = 0;
		};
		82D1A0FF15542E58CAB73A4B /* Resources */ = {
			isa = PBXResourcesBuildPhase;
			buildActionMask = 2147483647;
			files = (
			);
			runOnlyForDeploymentPostprocessing = 0;
		};
		C43682F0DCD246A17A0725E6 /* Resources */ = {
			isa = PBXResourcesBuildPhase;
			buildActionMask = 2147483647;
			files = (
			);
			runOnlyForDeploymentPostprocessing = 0;
		};
		F12668D72E268CD2F925C9A0 /* Resources */ = {
			isa = PBXResourcesBuildPhase;
			buildActionMask = 2147483647;
			files = (
			);
			runOnlyForDeploymentPostprocessing = 0;
		};
/* End PBXResourcesBuildPhase section */

/* Begin PBXSourcesBuildPhase section */
		133B8F55E9CFC25681C86110 /* Sources */ = {
			isa = PBXSourcesBuildPhase;
			buildActionMask = 2147483647;
			files = (
				E3A1102D7A459CEBD9454CF1 /* Test.swift in Sources */,
			);
			runOnlyForDeploymentPostprocessing = 0;
		};
		4F7B705241A1D29EA5EC16DD /* Sources */ = {
			isa = PBXSourcesBuildPhase;
			buildActionMask = 2147483647;
			files = (
				300A7F2C71E9911B9DE9A5BD /* Base.swift in Sources */,
			);
			runOnlyForDeploymentPostprocessing = 0;
		};
		551FF3CB860B67C3FA82D28D /* Sources */ = {
			isa = PBXSourcesBuildPhase;
			buildActionMask = 2147483647;
			files = (
				66998A96645025557C41895C /* Base.swift in Sources */,
			);
			runOnlyForDeploymentPostprocessing = 0;
		};
		A646F9DCEA50AE21088FE0A0 /* Sources */ = {
			isa = PBXSourcesBuildPhase;
			buildActionMask = 2147483647;
			files = (
				8C520704A554D01DC2011903 /* Base.swift in Sources */,
			);
			runOnlyForDeploymentPostprocessing = 0;
		};
		C3FF1664DBC7DE7F35B2C550 /* Sources */ = {
			isa = PBXSourcesBuildPhase;
			buildActionMask = 2147483647;
			files = (
				7916B50FD14F5EF38C809048 /* Base.swift in Sources */,
			);
			runOnlyForDeploymentPostprocessing = 0;
		};
/* End PBXSourcesBuildPhase section */

/* Begin PBXTargetDependency section */
		0EA1C8A00BF8E5182F6952E0 /* PBXTargetDependency */ = {
			isa = PBXTargetDependency;
			name = Entity;
			target = 042DC66B2D24AF498EE37349 /* Entity */;
			targetProxy = 22A8F0073A67C0084E049956 /* PBXContainerItemProxy */;
		};
/* End PBXTargetDependency section */

/* Begin XCBuildConfiguration section */
		014E3EF12CC85A088CC179E8 /* Debug */ = {
			isa = XCBuildConfiguration;
			buildSettings = {
				ALWAYS_SEARCH_USER_PATHS = NO;
				CLANG_ANALYZER_LOCALIZABILITY_NONLOCALIZED = YES;
				CLANG_ANALYZER_NONNULL = YES;
				CLANG_ANALYZER_NUMBER_OBJECT_CONVERSION = YES_AGGRESSIVE;
				CLANG_CXX_LANGUAGE_STANDARD = "gnu++14";
				CLANG_CXX_LIBRARY = "libc++";
				CLANG_ENABLE_MODULES = YES;
				CLANG_ENABLE_OBJC_ARC = YES;
				CLANG_ENABLE_OBJC_WEAK = YES;
				CLANG_WARN_BLOCK_CAPTURE_AUTORELEASING = YES;
				CLANG_WARN_BOOL_CONVERSION = YES;
				CLANG_WARN_COMMA = YES;
				CLANG_WARN_CONSTANT_CONVERSION = YES;
				CLANG_WARN_DEPRECATED_OBJC_IMPLEMENTATIONS = YES;
				CLANG_WARN_DIRECT_OBJC_ISA_USAGE = YES_ERROR;
				CLANG_WARN_DOCUMENTATION_COMMENTS = YES;
				CLANG_WARN_EMPTY_BODY = YES;
				CLANG_WARN_ENUM_CONVERSION = YES;
				CLANG_WARN_INFINITE_RECURSION = YES;
				CLANG_WARN_INT_CONVERSION = YES;
				CLANG_WARN_NON_LITERAL_NULL_CONVERSION = YES;
				CLANG_WARN_OBJC_IMPLICIT_RETAIN_SELF = YES;
				CLANG_WARN_OBJC_LITERAL_CONVERSION = YES;
				CLANG_WARN_OBJC_ROOT_CLASS = YES_ERROR;
				CLANG_WARN_QUOTED_INCLUDE_IN_FRAMEWORK_HEADER = YES;
				CLANG_WARN_RANGE_LOOP_ANALYSIS = YES;
				CLANG_WARN_STRICT_PROTOTYPES = YES;
				CLANG_WARN_SUSPICIOUS_MOVE = YES;
				CLANG_WARN_UNGUARDED_AVAILABILITY = YES_AGGRESSIVE;
				CLANG_WARN_UNREACHABLE_CODE = YES;
				CLANG_WARN__DUPLICATE_METHOD_MATCH = YES;
				COPY_PHASE_STRIP = NO;
				DEAD_CODE_STRIPPING = YES;
				DEBUG_INFORMATION_FORMAT = dwarf;
				ENABLE_STRICT_OBJC_MSGSEND = YES;
				ENABLE_TESTABILITY = YES;
				GCC_C_LANGUAGE_STANDARD = gnu11;
				GCC_DYNAMIC_NO_PIC = NO;
				GCC_NO_COMMON_BLOCKS = YES;
				GCC_OPTIMIZATION_LEVEL = 0;
				GCC_PREPROCESSOR_DEFINITIONS = (
					"DEBUG=1",
					"$(inherited)",
				);
				GCC_WARN_64_TO_32_BIT_CONVERSION = YES;
				GCC_WARN_ABOUT_RETURN_TYPE = YES_ERROR;
				GCC_WARN_UNDECLARED_SELECTOR = YES;
				GCC_WARN_UNINITIALIZED_AUTOS = YES_AGGRESSIVE;
				GCC_WARN_UNUSED_FUNCTION = YES;
				GCC_WARN_UNUSED_VARIABLE = YES;
				MTL_ENABLE_DEBUG_INFO = YES;
				ONLY_ACTIVE_ARCH = YES;
				PRODUCT_NAME = "$(TARGET_NAME)";
			};
			name = Debug;
		};
		278066F8310C6C693E6B13D5 /* Debug */ = {
			isa = XCBuildConfiguration;
			buildSettings = {
				CODE_SIGN_IDENTITY = "";
				CURRENT_PROJECT_VERSION = 1;
				DEFINES_MODULE = YES;
				DYLIB_COMPATIBILITY_VERSION = 1;
				DYLIB_CURRENT_VERSION = 1;
				DYLIB_INSTALL_NAME_BASE = "@rpath";
				INFOPLIST_FILE = "Derived/InfoPlists/Entity-Info.plist";
				INSTALL_PATH = "$(LOCAL_LIBRARY_DIR)/Frameworks";
				IPHONEOS_DEPLOYMENT_TARGET = 16.6;
				LD_RUNPATH_SEARCH_PATHS = (
					"$(inherited)",
					"@executable_path/Frameworks",
					"@loader_path/Frameworks",
				);
				MACH_O_TYPE = staticlib;
				PRODUCT_BUNDLE_IDENTIFIER = io.Roy.Bandscape.Entity;
				PRODUCT_NAME = Entity;
				SDKROOT = iphoneos;
				SKIP_INSTALL = YES;
				SUPPORTS_MACCATALYST = NO;
				SUPPORTS_MAC_DESIGNED_FOR_IPHONE_IPAD = NO;
				SUPPORTS_XR_DESIGNED_FOR_IPHONE_IPAD = NO;
				SWIFT_ACTIVE_COMPILATION_CONDITIONS = (
					"$(inherited)",
					DEBUG,
				);
				SWIFT_COMPILATION_MODE = singlefile;
				SWIFT_OPTIMIZATION_LEVEL = "-Onone";
				SWIFT_VERSION = 5.0;
				TARGETED_DEVICE_FAMILY = 1;
				VERSIONING_SYSTEM = "apple-generic";
				VERSION_INFO_PREFIX = "";
			};
			name = Debug;
		};
		32707959A81D23892F844E08 /* Release */ = {
			isa = XCBuildConfiguration;
			buildSettings = {
				CODE_SIGN_IDENTITY = "iPhone Developer";
				INFOPLIST_FILE = "Derived/InfoPlists/EntityTests-Info.plist";
				IPHONEOS_DEPLOYMENT_TARGET = 16.6;
				LD_RUNPATH_SEARCH_PATHS = (
					"$(inherited)",
					"@executable_path/Frameworks",
					"@loader_path/Frameworks",
				);
				PRODUCT_BUNDLE_IDENTIFIER = io.Roy.Bandscape.Entity.EntityTests;
				PRODUCT_NAME = EntityTests;
				SDKROOT = iphoneos;
				SUPPORTS_MACCATALYST = NO;
				SUPPORTS_MAC_DESIGNED_FOR_IPHONE_IPAD = NO;
				SUPPORTS_XR_DESIGNED_FOR_IPHONE_IPAD = NO;
				SWIFT_COMPILATION_MODE = wholemodule;
				SWIFT_OPTIMIZATION_LEVEL = "-Owholemodule";
				SWIFT_VERSION = 5.0;
				TARGETED_DEVICE_FAMILY = 1;
			};
			name = Release;
		};
		38E0C71C45E9126E05BA71B2 /* Release */ = {
			isa = XCBuildConfiguration;
			buildSettings = {
				ALWAYS_SEARCH_USER_PATHS = NO;
				CLANG_ANALYZER_LOCALIZABILITY_NONLOCALIZED = YES;
				CLANG_ANALYZER_NONNULL = YES;
				CLANG_ANALYZER_NUMBER_OBJECT_CONVERSION = YES_AGGRESSIVE;
				CLANG_CXX_LANGUAGE_STANDARD = "gnu++14";
				CLANG_CXX_LIBRARY = "libc++";
				CLANG_ENABLE_MODULES = YES;
				CLANG_ENABLE_OBJC_ARC = YES;
				CLANG_ENABLE_OBJC_WEAK = YES;
				CLANG_WARN_BLOCK_CAPTURE_AUTORELEASING = YES;
				CLANG_WARN_BOOL_CONVERSION = YES;
				CLANG_WARN_COMMA = YES;
				CLANG_WARN_CONSTANT_CONVERSION = YES;
				CLANG_WARN_DEPRECATED_OBJC_IMPLEMENTATIONS = YES;
				CLANG_WARN_DIRECT_OBJC_ISA_USAGE = YES_ERROR;
				CLANG_WARN_DOCUMENTATION_COMMENTS = YES;
				CLANG_WARN_EMPTY_BODY = YES;
				CLANG_WARN_ENUM_CONVERSION = YES;
				CLANG_WARN_INFINITE_RECURSION = YES;
				CLANG_WARN_INT_CONVERSION = YES;
				CLANG_WARN_NON_LITERAL_NULL_CONVERSION = YES;
				CLANG_WARN_OBJC_IMPLICIT_RETAIN_SELF = YES;
				CLANG_WARN_OBJC_LITERAL_CONVERSION = YES;
				CLANG_WARN_OBJC_ROOT_CLASS = YES_ERROR;
				CLANG_WARN_QUOTED_INCLUDE_IN_FRAMEWORK_HEADER = YES;
				CLANG_WARN_RANGE_LOOP_ANALYSIS = YES;
				CLANG_WARN_STRICT_PROTOTYPES = YES;
				CLANG_WARN_SUSPICIOUS_MOVE = YES;
				CLANG_WARN_UNGUARDED_AVAILABILITY = YES_AGGRESSIVE;
				CLANG_WARN_UNREACHABLE_CODE = YES;
				CLANG_WARN__DUPLICATE_METHOD_MATCH = YES;
				COPY_PHASE_STRIP = NO;
				DEAD_CODE_STRIPPING = YES;
				DEBUG_INFORMATION_FORMAT = "dwarf-with-dsym";
				ENABLE_NS_ASSERTIONS = NO;
				ENABLE_STRICT_OBJC_MSGSEND = YES;
				GCC_C_LANGUAGE_STANDARD = gnu11;
				GCC_NO_COMMON_BLOCKS = YES;
				GCC_WARN_64_TO_32_BIT_CONVERSION = YES;
				GCC_WARN_ABOUT_RETURN_TYPE = YES_ERROR;
				GCC_WARN_UNDECLARED_SELECTOR = YES;
				GCC_WARN_UNINITIALIZED_AUTOS = YES_AGGRESSIVE;
				GCC_WARN_UNUSED_FUNCTION = YES;
				GCC_WARN_UNUSED_VARIABLE = YES;
				MTL_ENABLE_DEBUG_INFO = NO;
				PRODUCT_NAME = "$(TARGET_NAME)";
				VALIDATE_PRODUCT = YES;
			};
			name = Release;
		};
		45A0E98AE2ED752E29CC65ED /* Release */ = {
			isa = XCBuildConfiguration;
			buildSettings = {
				CODE_SIGN_IDENTITY = "";
				CURRENT_PROJECT_VERSION = 1;
				DEFINES_MODULE = YES;
				DYLIB_COMPATIBILITY_VERSION = 1;
				DYLIB_CURRENT_VERSION = 1;
				DYLIB_INSTALL_NAME_BASE = "@rpath";
				INFOPLIST_FILE = "Derived/InfoPlists/Entity-Debug-Info.plist";
				INSTALL_PATH = "$(LOCAL_LIBRARY_DIR)/Frameworks";
				IPHONEOS_DEPLOYMENT_TARGET = 16.6;
				LD_RUNPATH_SEARCH_PATHS = (
					"$(inherited)",
					"@executable_path/Frameworks",
					"@loader_path/Frameworks",
				);
				MACH_O_TYPE = staticlib;
				PRODUCT_BUNDLE_IDENTIFIER = io.Roy.Bandscape.Entity;
				PRODUCT_NAME = Entity_Debug;
				SDKROOT = iphoneos;
				SKIP_INSTALL = YES;
				SUPPORTS_MACCATALYST = NO;
				SUPPORTS_MAC_DESIGNED_FOR_IPHONE_IPAD = NO;
				SUPPORTS_XR_DESIGNED_FOR_IPHONE_IPAD = NO;
				SWIFT_COMPILATION_MODE = wholemodule;
				SWIFT_OPTIMIZATION_LEVEL = "-Owholemodule";
				SWIFT_VERSION = 5.0;
				TARGETED_DEVICE_FAMILY = 1;
				VERSIONING_SYSTEM = "apple-generic";
				VERSION_INFO_PREFIX = "";
			};
			name = Release;
		};
		73B8A40ADE8D0D87CD28EAC5 /* Debug */ = {
			isa = XCBuildConfiguration;
			buildSettings = {
				CODE_SIGN_IDENTITY = "iPhone Developer";
				INFOPLIST_FILE = "Derived/InfoPlists/EntityTests-Info.plist";
				IPHONEOS_DEPLOYMENT_TARGET = 16.6;
				LD_RUNPATH_SEARCH_PATHS = (
					"$(inherited)",
					"@executable_path/Frameworks",
					"@loader_path/Frameworks",
				);
				PRODUCT_BUNDLE_IDENTIFIER = io.Roy.Bandscape.Entity.EntityTests;
				PRODUCT_NAME = EntityTests;
				SDKROOT = iphoneos;
				SUPPORTS_MACCATALYST = NO;
				SUPPORTS_MAC_DESIGNED_FOR_IPHONE_IPAD = NO;
				SUPPORTS_XR_DESIGNED_FOR_IPHONE_IPAD = NO;
				SWIFT_ACTIVE_COMPILATION_CONDITIONS = (
					"$(inherited)",
					DEBUG,
				);
				SWIFT_COMPILATION_MODE = singlefile;
				SWIFT_OPTIMIZATION_LEVEL = "-Onone";
				SWIFT_VERSION = 5.0;
				TARGETED_DEVICE_FAMILY = 1;
			};
			name = Debug;
		};
		747E7316E5AB29C5ED5596C2 /* Release */ = {
			isa = XCBuildConfiguration;
			buildSettings = {
				CODE_SIGN_IDENTITY = "";
				CURRENT_PROJECT_VERSION = 1;
				DEFINES_MODULE = YES;
				DYLIB_COMPATIBILITY_VERSION = 1;
				DYLIB_CURRENT_VERSION = 1;
				DYLIB_INSTALL_NAME_BASE = "@rpath";
				INFOPLIST_FILE = "Derived/InfoPlists/Entity-Info.plist";
				INSTALL_PATH = "$(LOCAL_LIBRARY_DIR)/Frameworks";
				IPHONEOS_DEPLOYMENT_TARGET = 16.6;
				LD_RUNPATH_SEARCH_PATHS = (
					"$(inherited)",
					"@executable_path/Frameworks",
					"@loader_path/Frameworks",
				);
				MACH_O_TYPE = staticlib;
				PRODUCT_BUNDLE_IDENTIFIER = io.Roy.Bandscape.Entity;
				PRODUCT_NAME = Entity;
				SDKROOT = iphoneos;
				SKIP_INSTALL = YES;
				SUPPORTS_MACCATALYST = NO;
				SUPPORTS_MAC_DESIGNED_FOR_IPHONE_IPAD = NO;
				SUPPORTS_XR_DESIGNED_FOR_IPHONE_IPAD = NO;
				SWIFT_COMPILATION_MODE = wholemodule;
				SWIFT_OPTIMIZATION_LEVEL = "-Owholemodule";
				SWIFT_VERSION = 5.0;
				TARGETED_DEVICE_FAMILY = 1;
				VERSIONING_SYSTEM = "apple-generic";
				VERSION_INFO_PREFIX = "";
			};
			name = Release;
		};
		B617048BE7D0E1405B202C24 /* Release */ = {
			isa = XCBuildConfiguration;
			buildSettings = {
				CODE_SIGN_IDENTITY = "";
				CURRENT_PROJECT_VERSION = 1;
				DEFINES_MODULE = YES;
				DYLIB_COMPATIBILITY_VERSION = 1;
				DYLIB_CURRENT_VERSION = 1;
				DYLIB_INSTALL_NAME_BASE = "@rpath";
				INFOPLIST_FILE = "Derived/InfoPlists/Entity-Prod-Info.plist";
				INSTALL_PATH = "$(LOCAL_LIBRARY_DIR)/Frameworks";
				IPHONEOS_DEPLOYMENT_TARGET = 16.6;
				LD_RUNPATH_SEARCH_PATHS = (
					"$(inherited)",
					"@executable_path/Frameworks",
					"@loader_path/Frameworks",
				);
				MACH_O_TYPE = staticlib;
				PRODUCT_BUNDLE_IDENTIFIER = io.Roy.Bandscape.Entity;
				PRODUCT_NAME = Entity_Prod;
				SDKROOT = iphoneos;
				SKIP_INSTALL = YES;
				SUPPORTS_MACCATALYST = NO;
				SUPPORTS_MAC_DESIGNED_FOR_IPHONE_IPAD = NO;
				SUPPORTS_XR_DESIGNED_FOR_IPHONE_IPAD = NO;
				SWIFT_COMPILATION_MODE = wholemodule;
				SWIFT_OPTIMIZATION_LEVEL = "-Owholemodule";
				SWIFT_VERSION = 5.0;
				TARGETED_DEVICE_FAMILY = 1;
				VERSIONING_SYSTEM = "apple-generic";
				VERSION_INFO_PREFIX = "";
			};
			name = Release;
		};
		BACAE0FBB16A4EFDAAAD5AAF /* Debug */ = {
			isa = XCBuildConfiguration;
			buildSettings = {
				CODE_SIGN_IDENTITY = "";
				CURRENT_PROJECT_VERSION = 1;
				DEFINES_MODULE = YES;
				DYLIB_COMPATIBILITY_VERSION = 1;
				DYLIB_CURRENT_VERSION = 1;
				DYLIB_INSTALL_NAME_BASE = "@rpath";
				INFOPLIST_FILE = "Derived/InfoPlists/Entity-Stage-Info.plist";
				INSTALL_PATH = "$(LOCAL_LIBRARY_DIR)/Frameworks";
				IPHONEOS_DEPLOYMENT_TARGET = 16.6;
				LD_RUNPATH_SEARCH_PATHS = (
					"$(inherited)",
					"@executable_path/Frameworks",
					"@loader_path/Frameworks",
				);
				MACH_O_TYPE = staticlib;
				PRODUCT_BUNDLE_IDENTIFIER = io.Roy.Bandscape.Entity;
				PRODUCT_NAME = Entity_Stage;
				SDKROOT = iphoneos;
				SKIP_INSTALL = YES;
				SUPPORTS_MACCATALYST = NO;
				SUPPORTS_MAC_DESIGNED_FOR_IPHONE_IPAD = NO;
				SUPPORTS_XR_DESIGNED_FOR_IPHONE_IPAD = NO;
				SWIFT_ACTIVE_COMPILATION_CONDITIONS = (
					"$(inherited)",
					DEBUG,
				);
				SWIFT_COMPILATION_MODE = singlefile;
				SWIFT_OPTIMIZATION_LEVEL = "-Onone";
				SWIFT_VERSION = 5.0;
				TARGETED_DEVICE_FAMILY = 1;
				VERSIONING_SYSTEM = "apple-generic";
				VERSION_INFO_PREFIX = "";
			};
			name = Debug;
		};
		C521AE8F9C56F347227A4E4D /* Release */ = {
			isa = XCBuildConfiguration;
			buildSettings = {
				CODE_SIGN_IDENTITY = "";
				CURRENT_PROJECT_VERSION = 1;
				DEFINES_MODULE = YES;
				DYLIB_COMPATIBILITY_VERSION = 1;
				DYLIB_CURRENT_VERSION = 1;
				DYLIB_INSTALL_NAME_BASE = "@rpath";
				INFOPLIST_FILE = "Derived/InfoPlists/Entity-Stage-Info.plist";
				INSTALL_PATH = "$(LOCAL_LIBRARY_DIR)/Frameworks";
				IPHONEOS_DEPLOYMENT_TARGET = 16.6;
				LD_RUNPATH_SEARCH_PATHS = (
					"$(inherited)",
					"@executable_path/Frameworks",
					"@loader_path/Frameworks",
				);
				MACH_O_TYPE = staticlib;
				PRODUCT_BUNDLE_IDENTIFIER = io.Roy.Bandscape.Entity;
				PRODUCT_NAME = Entity_Stage;
				SDKROOT = iphoneos;
				SKIP_INSTALL = YES;
				SUPPORTS_MACCATALYST = NO;
				SUPPORTS_MAC_DESIGNED_FOR_IPHONE_IPAD = NO;
				SUPPORTS_XR_DESIGNED_FOR_IPHONE_IPAD = NO;
				SWIFT_COMPILATION_MODE = wholemodule;
				SWIFT_OPTIMIZATION_LEVEL = "-Owholemodule";
				SWIFT_VERSION = 5.0;
				TARGETED_DEVICE_FAMILY = 1;
				VERSIONING_SYSTEM = "apple-generic";
				VERSION_INFO_PREFIX = "";
			};
			name = Release;
		};
		D700A22BABB01F28EBF52BDB /* Debug */ = {
			isa = XCBuildConfiguration;
			buildSettings = {
				CODE_SIGN_IDENTITY = "";
				CURRENT_PROJECT_VERSION = 1;
				DEFINES_MODULE = YES;
				DYLIB_COMPATIBILITY_VERSION = 1;
				DYLIB_CURRENT_VERSION = 1;
				DYLIB_INSTALL_NAME_BASE = "@rpath";
				INFOPLIST_FILE = "Derived/InfoPlists/Entity-Prod-Info.plist";
				INSTALL_PATH = "$(LOCAL_LIBRARY_DIR)/Frameworks";
				IPHONEOS_DEPLOYMENT_TARGET = 16.6;
				LD_RUNPATH_SEARCH_PATHS = (
					"$(inherited)",
					"@executable_path/Frameworks",
					"@loader_path/Frameworks",
				);
				MACH_O_TYPE = staticlib;
				PRODUCT_BUNDLE_IDENTIFIER = io.Roy.Bandscape.Entity;
				PRODUCT_NAME = Entity_Prod;
				SDKROOT = iphoneos;
				SKIP_INSTALL = YES;
				SUPPORTS_MACCATALYST = NO;
				SUPPORTS_MAC_DESIGNED_FOR_IPHONE_IPAD = NO;
				SUPPORTS_XR_DESIGNED_FOR_IPHONE_IPAD = NO;
				SWIFT_ACTIVE_COMPILATION_CONDITIONS = (
					"$(inherited)",
					DEBUG,
				);
				SWIFT_COMPILATION_MODE = singlefile;
				SWIFT_OPTIMIZATION_LEVEL = "-Onone";
				SWIFT_VERSION = 5.0;
				TARGETED_DEVICE_FAMILY = 1;
				VERSIONING_SYSTEM = "apple-generic";
				VERSION_INFO_PREFIX = "";
			};
			name = Debug;
		};
		F8E0926593BCA2002D4A843A /* Debug */ = {
			isa = XCBuildConfiguration;
			buildSettings = {
				CODE_SIGN_IDENTITY = "";
				CURRENT_PROJECT_VERSION = 1;
				DEFINES_MODULE = YES;
				DYLIB_COMPATIBILITY_VERSION = 1;
				DYLIB_CURRENT_VERSION = 1;
				DYLIB_INSTALL_NAME_BASE = "@rpath";
				INFOPLIST_FILE = "Derived/InfoPlists/Entity-Debug-Info.plist";
				INSTALL_PATH = "$(LOCAL_LIBRARY_DIR)/Frameworks";
				IPHONEOS_DEPLOYMENT_TARGET = 16.6;
				LD_RUNPATH_SEARCH_PATHS = (
					"$(inherited)",
					"@executable_path/Frameworks",
					"@loader_path/Frameworks",
				);
				MACH_O_TYPE = staticlib;
				PRODUCT_BUNDLE_IDENTIFIER = io.Roy.Bandscape.Entity;
				PRODUCT_NAME = Entity_Debug;
				SDKROOT = iphoneos;
				SKIP_INSTALL = YES;
				SUPPORTS_MACCATALYST = NO;
				SUPPORTS_MAC_DESIGNED_FOR_IPHONE_IPAD = NO;
				SUPPORTS_XR_DESIGNED_FOR_IPHONE_IPAD = NO;
				SWIFT_ACTIVE_COMPILATION_CONDITIONS = (
					"$(inherited)",
					DEBUG,
				);
				SWIFT_COMPILATION_MODE = singlefile;
				SWIFT_OPTIMIZATION_LEVEL = "-Onone";
				SWIFT_VERSION = 5.0;
				TARGETED_DEVICE_FAMILY = 1;
				VERSIONING_SYSTEM = "apple-generic";
				VERSION_INFO_PREFIX = "";
			};
			name = Debug;
		};
/* End XCBuildConfiguration section */

/* Begin XCConfigurationList section */
		00387250BA68E543F66C146B /* Build configuration list for PBXNativeTarget "Entity-Prod" */ = {
			isa = XCConfigurationList;
			buildConfigurations = (
				D700A22BABB01F28EBF52BDB /* Debug */,
				B617048BE7D0E1405B202C24 /* Release */,
			);
			defaultConfigurationIsVisible = 0;
			defaultConfigurationName = Release;
		};
		32AAC9132B73A146D1DE0D45 /* Build configuration list for PBXNativeTarget "EntityTests" */ = {
			isa = XCConfigurationList;
			buildConfigurations = (
				73B8A40ADE8D0D87CD28EAC5 /* Debug */,
				32707959A81D23892F844E08 /* Release */,
			);
			defaultConfigurationIsVisible = 0;
			defaultConfigurationName = Release;
		};
		6A6FE43155D3BF06FA398943 /* Build configuration list for PBXNativeTarget "Entity-Stage" */ = {
			isa = XCConfigurationList;
			buildConfigurations = (
				BACAE0FBB16A4EFDAAAD5AAF /* Debug */,
				C521AE8F9C56F347227A4E4D /* Release */,
			);
			defaultConfigurationIsVisible = 0;
			defaultConfigurationName = Release;
		};
		C85ABA34F5262643211DAA3D /* Build configuration list for PBXProject "Entity" */ = {
			isa = XCConfigurationList;
			buildConfigurations = (
				014E3EF12CC85A088CC179E8 /* Debug */,
				38E0C71C45E9126E05BA71B2 /* Release */,
			);
			defaultConfigurationIsVisible = 0;
			defaultConfigurationName = Release;
		};
		CB29CF786D94F705D83FCCE0 /* Build configuration list for PBXNativeTarget "Entity-Debug" */ = {
			isa = XCConfigurationList;
			buildConfigurations = (
				F8E0926593BCA2002D4A843A /* Debug */,
				45A0E98AE2ED752E29CC65ED /* Release */,
			);
			defaultConfigurationIsVisible = 0;
			defaultConfigurationName = Release;
		};
		DC419A0F2B583904708FB322 /* Build configuration list for PBXNativeTarget "Entity" */ = {
			isa = XCConfigurationList;
			buildConfigurations = (
				278066F8310C6C693E6B13D5 /* Debug */,
				747E7316E5AB29C5ED5596C2 /* Release */,
			);
			defaultConfigurationIsVisible = 0;
			defaultConfigurationName = Release;
		};
/* End XCConfigurationList section */
	};
	rootObject = C0331ED0A44E915A96750580 /* Project object */;
}
