// !$*UTF8*$!
{
	archiveVersion = 1;
	classes = {
	};
	objectVersion = 56;
	objects = {

/* Begin PBXBuildFile section */
		00DFC76D5E73EFAACB117244 /* IdentifiedCollections.framework in Frameworks */ = {isa = PBXBuildFile; fileRef = F2E0EC679FC135E5CEC0A9AD /* IdentifiedCollections.framework */; };
		014438C30E3FBCFDF9D90E75 /* swift-composable-architecture_ComposableArchitecture.bundle in Resources */ = {isa = PBXBuildFile; fileRef = A733A7597F14F4728F8A5C0C /* swift-composable-architecture_ComposableArchitecture.bundle */; };
		039F640F54A3DEE46842069F /* ConcurrencyExtras.framework in Frameworks */ = {isa = PBXBuildFile; fileRef = 2B60FF119A6FEF6D0D51AE5B /* ConcurrencyExtras.framework */; };
		03B706DEBBD0E4F94AEBD367 /* ComposableArchitecture.framework in Dependencies */ = {isa = PBXBuildFile; fileRef = A06ABB2F1523CED2E74B4851 /* ComposableArchitecture.framework */; };
		0518EA00A190B30C0F17D7A1 /* AsyncMoya.framework in Frameworks */ = {isa = PBXBuildFile; fileRef = 57E0D39ADB0EDA14D1AECB21 /* AsyncMoya.framework */; };
		071B981F0D2DF826183B79CB /* UIKitNavigation.framework in Frameworks */ = {isa = PBXBuildFile; fileRef = D748E68EDF03BA484791AC0E /* UIKitNavigation.framework */; };
		0E8079E210A702DE84224A0F /* MusicSearchUseCaseTests.swift in Sources */ = {isa = PBXBuildFile; fileRef = 736374D98427021184233CEA /* MusicSearchUseCaseTests.swift */; };
		13D48166F46D9317D55B2CF3 /* Clocks.framework in Frameworks */ = {isa = PBXBuildFile; fileRef = 6AA0797B504174C847E8FE95 /* Clocks.framework */; };
		1F52B4C183ED7440BB0008C5 /* ComposableArchitecture.framework in Dependencies */ = {isa = PBXBuildFile; fileRef = A06ABB2F1523CED2E74B4851 /* ComposableArchitecture.framework */; };
		225CEFCE42B0B52EADC274BD /* CombineSchedulers.framework in Frameworks */ = {isa = PBXBuildFile; fileRef = 8A7443ABF2BF970A68F68C39 /* CombineSchedulers.framework */; };
		240DC4A00D69459A8E3245F0 /* MusicSearchUseCase.swift in Sources */ = {isa = PBXBuildFile; fileRef = 4E8AFBE865C2E9AF6DC86FF8 /* MusicSearchUseCase.swift */; };
		25E0B791089D72B6B8C172C9 /* Alamofire_Alamofire.bundle in Resources */ = {isa = PBXBuildFile; fileRef = 9F4ACA03FCFFBB51D80448FF /* Alamofire_Alamofire.bundle */; };
		27BC664E66CCF74669CFCB4A /* UIKitNavigationShim.framework in Frameworks */ = {isa = PBXBuildFile; fileRef = 44D709557E90FBEF8A8A4305 /* UIKitNavigationShim.framework */; };
		3AD9817DB1EA153D26CA1169 /* DomainInterface.framework in Frameworks */ = {isa = PBXBuildFile; fileRef = FB9702202A42059A564824B3 /* DomainInterface.framework */; };
		3CC8A123B783E8673857C787 /* MusicSearchUseCase.swift in Sources */ = {isa = PBXBuildFile; fileRef = 4E8AFBE865C2E9AF6DC86FF8 /* MusicSearchUseCase.swift */; };
		4AD89C18B506171EE4B7B14C /* Alamofire.framework in Frameworks */ = {isa = PBXBuildFile; fileRef = E18B0DBA8AF99C0DB2DBE2C8 /* Alamofire.framework */; };
		4DEF70A10ABBC302AF66D19B /* Repository.framework in Dependencies */ = {isa = PBXBuildFile; fileRef = 6C51192BCDE8A7E9252657C2 /* Repository.framework */; };
		4FA5872040E01A8D68F66F8E /* ComposableArchitecture.framework in Dependencies */ = {isa = PBXBuildFile; fileRef = A06ABB2F1523CED2E74B4851 /* ComposableArchitecture.framework */; };
		504D664D011D018429E293BF /* DomainInterface.framework in Frameworks */ = {isa = PBXBuildFile; fileRef = FB9702202A42059A564824B3 /* DomainInterface.framework */; };
		532676483F2C2203F76AB474 /* XCTestDynamicOverlay.framework in Frameworks */ = {isa = PBXBuildFile; fileRef = 008DF05C3439EA6B9FDCF073 /* XCTestDynamicOverlay.framework */; };
		53964ABDA1F713C74C8BCD32 /* WeaveDI.framework in Dependencies */ = {isa = PBXBuildFile; fileRef = E19624172169EC662A81D26B /* WeaveDI.framework */; };
		541697140A6418A997A49C8E /* UseCase.framework in Frameworks */ = {isa = PBXBuildFile; fileRef = 981DA49FF8FB5D20F6052CD5 /* UseCase.framework */; };
		546C4C7902FF0E1EBD659ED0 /* PerceptionCore.framework in Frameworks */ = {isa = PBXBuildFile; fileRef = 85FEAEF231E31B0754B21769 /* PerceptionCore.framework */; };
		564AF4027E28E369E437A7C3 /* ComposableArchitecture.framework in Dependencies */ = {isa = PBXBuildFile; fileRef = A06ABB2F1523CED2E74B4851 /* ComposableArchitecture.framework */; };
		5C4F067A4986D6C4E2EB4B7F /* DataInterface.framework in Frameworks */ = {isa = PBXBuildFile; fileRef = F8685E99C5809D7529D75E04 /* DataInterface.framework */; };
		5EBB8D1D64C397045A54E614 /* Repository.framework in Dependencies */ = {isa = PBXBuildFile; fileRef = 6C51192BCDE8A7E9252657C2 /* Repository.framework */; };
		5EDB47A27CE022305A0209FB /* OrderedCollections.framework in Frameworks */ = {isa = PBXBuildFile; fileRef = 275036982500E63F980B08D3 /* OrderedCollections.framework */; };
		5FF798A0F87D336CEE09550E /* MusicSearchUseCase.swift in Sources */ = {isa = PBXBuildFile; fileRef = 4E8AFBE865C2E9AF6DC86FF8 /* MusicSearchUseCase.swift */; };
		639F5DA2F5E386011A7ACD8D /* CasePaths.framework in Frameworks */ = {isa = PBXBuildFile; fileRef = 319E89CCC442C21B32EE3C8A /* CasePaths.framework */; };
		657EB28029C3DF0D4B44A8EE /* Repository.framework in Dependencies */ = {isa = PBXBuildFile; fileRef = 6C51192BCDE8A7E9252657C2 /* Repository.framework */; };
		664A65FD9E33A7DAD26452DB /* WeaveDI.framework in Dependencies */ = {isa = PBXBuildFile; fileRef = E19624172169EC662A81D26B /* WeaveDI.framework */; };
		6975BADA2D98E7E45589D8B8 /* WeaveDI.framework in Dependencies */ = {isa = PBXBuildFile; fileRef = E19624172169EC662A81D26B /* WeaveDI.framework */; };
		69FE9998125892D8133F27C1 /* WeaveDI.framework in Dependencies */ = {isa = PBXBuildFile; fileRef = E19624172169EC662A81D26B /* WeaveDI.framework */; };
		6F8C0740809FF4FA4ECB5419 /* OSLog.framework in Frameworks */ = {isa = PBXBuildFile; fileRef = FA48A0D2804DC03C431C9190 /* OSLog.framework */; };
		731AA6801D9807916BF43DFA /* WeaveDI.framework in Frameworks */ = {isa = PBXBuildFile; fileRef = E19624172169EC662A81D26B /* WeaveDI.framework */; };
		74CF85AA8553EF14DCDD88DB /* Networking.framework in Frameworks */ = {isa = PBXBuildFile; fileRef = 3EF7E8BB122749DE3A5B8126 /* Networking.framework */; };
		75D5489B5B030315F847CEC7 /* Sharing.framework in Frameworks */ = {isa = PBXBuildFile; fileRef = DCE5B4C0845929AAD691396C /* Sharing.framework */; };
		76C16B36E81AF240140426DA /* DomainInterface.framework in Frameworks */ = {isa = PBXBuildFile; fileRef = FB9702202A42059A564824B3 /* DomainInterface.framework */; };
		7AC6377C2F512F8932492065 /* ComposableArchitecture.framework in Frameworks */ = {isa = PBXBuildFile; fileRef = A06ABB2F1523CED2E74B4851 /* ComposableArchitecture.framework */; };
		7CACD226B24EC1A16A8C2348 /* RxSwift.framework in Frameworks */ = {isa = PBXBuildFile; fileRef = DB46CD1936DD40DFF06F6E70 /* RxSwift.framework */; };
		7DAC805575823E4D03899B13 /* Foundations.framework in Frameworks */ = {isa = PBXBuildFile; fileRef = 097C8502B89ACBB0F0A6B3DF /* Foundations.framework */; };
		7F1AC7432EB44F3700C82441 /* MusicDetailUseCase.swift in Sources */ = {isa = PBXBuildFile; fileRef = 7F1AC7422EB44F3700C82441 /* MusicDetailUseCase.swift */; };
		7F1AC7442EB44F3700C82441 /* MusicDetailUseCase.swift in Sources */ = {isa = PBXBuildFile; fileRef = 7F1AC7422EB44F3700C82441 /* MusicDetailUseCase.swift */; };
		7F1AC7452EB44F3700C82441 /* MusicDetailUseCase.swift in Sources */ = {isa = PBXBuildFile; fileRef = 7F1AC7422EB44F3700C82441 /* MusicDetailUseCase.swift */; };
		7F1AC7462EB44F3700C82441 /* MusicDetailUseCase.swift in Sources */ = {isa = PBXBuildFile; fileRef = 7F1AC7422EB44F3700C82441 /* MusicDetailUseCase.swift */; };
		7F1AC74A2EB452AF00C82441 /* MusicDetailUseCaseTests.swift in Sources */ = {isa = PBXBuildFile; fileRef = 7F1AC7492EB452AB00C82441 /* MusicDetailUseCaseTests.swift */; };
		87E1677F90F2EA114F5A9ED7 /* MusicSearchUseCase.swift in Sources */ = {isa = PBXBuildFile; fileRef = 4E8AFBE865C2E9AF6DC86FF8 /* MusicSearchUseCase.swift */; };
		89E0A31F51C1EB7029936363 /* DomainInterface.framework in Frameworks */ = {isa = PBXBuildFile; fileRef = FB9702202A42059A564824B3 /* DomainInterface.framework */; };
		8D33245E18919C5183CF8240 /* Sharing2.framework in Frameworks */ = {isa = PBXBuildFile; fileRef = EF32355A546906AD16B4026C /* Sharing2.framework */; };
		937A580AE4C073DC1A3135BF /* swift-composable-architecture_ComposableArchitecture.bundle in Dependencies */ = {isa = PBXBuildFile; fileRef = A733A7597F14F4728F8A5C0C /* swift-composable-architecture_ComposableArchitecture.bundle */; };
		981D811B08EC3109C187940B /* SwiftNavigation.framework in Frameworks */ = {isa = PBXBuildFile; fileRef = 28B28AE28B75F4A08064786E /* SwiftNavigation.framework */; };
		9A865777262F57D1BDDF8DEF /* Perception.framework in Frameworks */ = {isa = PBXBuildFile; fileRef = 83C1C4DE45683C912C8DC2B4 /* Perception.framework */; };
		9A939653280A5C9E74F74755 /* CombineMoya.framework in Frameworks */ = {isa = PBXBuildFile; fileRef = D1A87B170DAF79CF51F0B36C /* CombineMoya.framework */; };
		9C90DE6CD2E6D84469773EB7 /* Moya.framework in Frameworks */ = {isa = PBXBuildFile; fileRef = B13814CB96F2A20B29446433 /* Moya.framework */; };
		A1C2AEADA890142CC5638C31 /* Repository.framework in Dependencies */ = {isa = PBXBuildFile; fileRef = 6C51192BCDE8A7E9252657C2 /* Repository.framework */; };
		A705971F0A7C3227E903D5B6 /* LogMacro.framework in Frameworks */ = {isa = PBXBuildFile; fileRef = B922F6F0A84360198FB6043A /* LogMacro.framework */; };
		AA2B5ED316624F6155EF75A4 /* RxMoya.framework in Frameworks */ = {isa = PBXBuildFile; fileRef = 73410F3CAB67ED344CC3D062 /* RxMoya.framework */; };
		AD9C424DD9EB3BBDF51C7E00 /* IssueReporting.framework in Frameworks */ = {isa = PBXBuildFile; fileRef = B930A91712C71F045FA71426 /* IssueReporting.framework */; };
		B2AF891D2D2481ADFD0D1400 /* Model.framework in Frameworks */ = {isa = PBXBuildFile; fileRef = 491B7F0EBCB2B579DEE44331 /* Model.framework */; };
		B3D82FA785BA33FDEE677930 /* swift-sharing_Sharing.bundle in Resources */ = {isa = PBXBuildFile; fileRef = 4031F1BD9A9E73F69501493A /* swift-sharing_Sharing.bundle */; };
		B56BA2CAB8E95C0B318816C5 /* CasePathsCore.framework in Frameworks */ = {isa = PBXBuildFile; fileRef = 077022AC51917B06E9B06B85 /* CasePathsCore.framework */; };
		B9C9A498E023667DA2DBE6E9 /* Dependencies.framework in Frameworks */ = {isa = PBXBuildFile; fileRef = 506286633FC4DF9633A2E0FD /* Dependencies.framework */; };
		BA387595B90C5452EC8C9828 /* API.framework in Frameworks */ = {isa = PBXBuildFile; fileRef = 2B1CB2AE5D705F53F062A800 /* API.framework */; };
		BB5DA4B960E719E9BC9438A5 /* Repository.framework in Frameworks */ = {isa = PBXBuildFile; fileRef = 6C51192BCDE8A7E9252657C2 /* Repository.framework */; };
		BE6308218C24F4DC05F90B5E /* CFNetwork.framework in Frameworks */ = {isa = PBXBuildFile; fileRef = DFD5128DC344D8263474C557 /* CFNetwork.framework */; };
		C94613A52F9BFA9FB4F53709 /* InternalCollectionsUtilities.framework in Frameworks */ = {isa = PBXBuildFile; fileRef = 24F1526402401DBFF6736037 /* InternalCollectionsUtilities.framework */; };
		CAA123A29015605C00B054B0 /* CustomDump.framework in Frameworks */ = {isa = PBXBuildFile; fileRef = BDC4D3A9CC2456F59785C311 /* CustomDump.framework */; };
		D5393DB4DF93417EF9EE85BB /* Sharing1.framework in Frameworks */ = {isa = PBXBuildFile; fileRef = 48BCB17D9732330186A8333E /* Sharing1.framework */; };
		DE5D7645FE62EEC5E0714F4E /* Service.framework in Frameworks */ = {isa = PBXBuildFile; fileRef = D7D106A44F676A3F66DBD268 /* Service.framework */; };
		DF86D6539983516F0558017B /* Alamofire_Alamofire.bundle in Dependencies */ = {isa = PBXBuildFile; fileRef = 9F4ACA03FCFFBB51D80448FF /* Alamofire_Alamofire.bundle */; };
		E2FCBD579384B0665935A639 /* DomainInterface.framework in Frameworks */ = {isa = PBXBuildFile; fileRef = FB9702202A42059A564824B3 /* DomainInterface.framework */; };
		EE69B862A9856B56F0FF9AAC /* IssueReportingPackageSupport.framework in Frameworks */ = {isa = PBXBuildFile; fileRef = 38354F5D61ADD2C05EFA3A60 /* IssueReportingPackageSupport.framework */; };
		EFF173319EFF0293CFD30604 /* swift-sharing_Sharing.bundle in Dependencies */ = {isa = PBXBuildFile; fileRef = 4031F1BD9A9E73F69501493A /* swift-sharing_Sharing.bundle */; };
		F2ECBEB3C9CF423819541589 /* SwiftUINavigation.framework in Frameworks */ = {isa = PBXBuildFile; fileRef = 1C2FD116C7A6B0F966929543 /* SwiftUINavigation.framework */; };
		FB5F5B5975EA6EFA6DBB7A9F /* DependenciesMacros.framework in Frameworks */ = {isa = PBXBuildFile; fileRef = B903EEF70DF0FB080EFC7B9B /* DependenciesMacros.framework */; };
		FFD7B5BAED339B1651E23F43 /* EventLimiter.framework in Frameworks */ = {isa = PBXBuildFile; fileRef = 4826D1DE20C63945D7E8813B /* EventLimiter.framework */; };
/* End PBXBuildFile section */

/* Begin PBXContainerItemProxy section */
		994080C900D3F2225E8352B3 /* PBXContainerItemProxy */ = {
			isa = PBXContainerItemProxy;
			containerPortal = 6BDC2ECB7C69CEDB1C1402B3 /* Project object */;
			proxyType = 1;
			remoteGlobalIDString = F7ABD5E2347ED8B12FE2AABD;
			remoteInfo = UseCase;
		};
/* End PBXContainerItemProxy section */

/* Begin PBXCopyFilesBuildPhase section */
		06E71EF9542AC4B578DCA5A3 /* Dependencies */ = {
			isa = PBXCopyFilesBuildPhase;
			buildActionMask = 8;
			dstSubfolderSpec = 16;
			files = (
				564AF4027E28E369E437A7C3 /* ComposableArchitecture.framework in Dependencies */,
				4DEF70A10ABBC302AF66D19B /* Repository.framework in Dependencies */,
				69FE9998125892D8133F27C1 /* WeaveDI.framework in Dependencies */,
			);
			name = Dependencies;
			runOnlyForDeploymentPostprocessing = 1;
		};
		1264FD7FB19BA1E456552A7D /* Dependencies */ = {
			isa = PBXCopyFilesBuildPhase;
			buildActionMask = 8;
			dstSubfolderSpec = 16;
			files = (
				DF86D6539983516F0558017B /* Alamofire_Alamofire.bundle in Dependencies */,
				937A580AE4C073DC1A3135BF /* swift-composable-architecture_ComposableArchitecture.bundle in Dependencies */,
				EFF173319EFF0293CFD30604 /* swift-sharing_Sharing.bundle in Dependencies */,
			);
			name = Dependencies;
			runOnlyForDeploymentPostprocessing = 1;
		};
		1785EF16E2B179422726EDF2 /* Embed Frameworks */ = {
			isa = PBXCopyFilesBuildPhase;
			buildActionMask = 2147483647;
			dstPath = "";
			dstSubfolderSpec = 10;
			files = (
			);
			name = "Embed Frameworks";
			runOnlyForDeploymentPostprocessing = 0;
		};
		248619F5A5BDEA2FB3124ADD /* Embed Frameworks */ = {
			isa = PBXCopyFilesBuildPhase;
			buildActionMask = 2147483647;
			dstPath = "";
			dstSubfolderSpec = 10;
			files = (
			);
			name = "Embed Frameworks";
			runOnlyForDeploymentPostprocessing = 0;
		};
		43A5087052C526A9D7C83DD8 /* Embed Frameworks */ = {
			isa = PBXCopyFilesBuildPhase;
			buildActionMask = 2147483647;
			dstPath = "";
			dstSubfolderSpec = 10;
			files = (
			);
			name = "Embed Frameworks";
			runOnlyForDeploymentPostprocessing = 0;
		};
		72B388F9D5D07EF7DDE9B7FC /* Embed Frameworks */ = {
			isa = PBXCopyFilesBuildPhase;
			buildActionMask = 2147483647;
			dstPath = "";
			dstSubfolderSpec = 10;
			files = (
			);
			name = "Embed Frameworks";
			runOnlyForDeploymentPostprocessing = 0;
		};
		823654538862A5D1C4A11C8C /* Dependencies */ = {
			isa = PBXCopyFilesBuildPhase;
			buildActionMask = 8;
			dstSubfolderSpec = 16;
			files = (
				1F52B4C183ED7440BB0008C5 /* ComposableArchitecture.framework in Dependencies */,
				657EB28029C3DF0D4B44A8EE /* Repository.framework in Dependencies */,
				53964ABDA1F713C74C8BCD32 /* WeaveDI.framework in Dependencies */,
			);
			name = Dependencies;
			runOnlyForDeploymentPostprocessing = 1;
		};
		D514C67A05A62184CDD19868 /* Embed Frameworks */ = {
			isa = PBXCopyFilesBuildPhase;
			buildActionMask = 2147483647;
			dstPath = "";
			dstSubfolderSpec = 10;
			files = (
			);
			name = "Embed Frameworks";
			runOnlyForDeploymentPostprocessing = 0;
		};
		D67561678CE965A74FF5140F /* Dependencies */ = {
			isa = PBXCopyFilesBuildPhase;
			buildActionMask = 8;
			dstSubfolderSpec = 16;
			files = (
				4FA5872040E01A8D68F66F8E /* ComposableArchitecture.framework in Dependencies */,
				A1C2AEADA890142CC5638C31 /* Repository.framework in Dependencies */,
				664A65FD9E33A7DAD26452DB /* WeaveDI.framework in Dependencies */,
			);
			name = Dependencies;
			runOnlyForDeploymentPostprocessing = 1;
		};
		FD401F535FD0F0B19E45FF4B /* Dependencies */ = {
			isa = PBXCopyFilesBuildPhase;
			buildActionMask = 8;
			dstSubfolderSpec = 16;
			files = (
				03B706DEBBD0E4F94AEBD367 /* ComposableArchitecture.framework in Dependencies */,
				5EBB8D1D64C397045A54E614 /* Repository.framework in Dependencies */,
				6975BADA2D98E7E45589D8B8 /* WeaveDI.framework in Dependencies */,
			);
			name = Dependencies;
			runOnlyForDeploymentPostprocessing = 1;
		};
/* End PBXCopyFilesBuildPhase section */

/* Begin PBXFileReference section */
		008DF05C3439EA6B9FDCF073 /* XCTestDynamicOverlay.framework */ = {isa = PBXFileReference; explicitFileType = wrapper.framework; includeInIndex = 0; path = XCTestDynamicOverlay.framework; sourceTree = BUILT_PRODUCTS_DIR; };
		077022AC51917B06E9B06B85 /* CasePathsCore.framework */ = {isa = PBXFileReference; explicitFileType = wrapper.framework; includeInIndex = 0; path = CasePathsCore.framework; sourceTree = BUILT_PRODUCTS_DIR; };
		097C8502B89ACBB0F0A6B3DF /* Foundations.framework */ = {isa = PBXFileReference; explicitFileType = wrapper.framework; includeInIndex = 0; path = Foundations.framework; sourceTree = BUILT_PRODUCTS_DIR; };
		156620DF42B5B603B36FFC4D /* UseCase-Stage-Info.plist */ = {isa = PBXFileReference; lastKnownFileType = text.plist; path = "UseCase-Stage-Info.plist"; sourceTree = "<group>"; };
		1C2FD116C7A6B0F966929543 /* SwiftUINavigation.framework */ = {isa = PBXFileReference; explicitFileType = wrapper.framework; includeInIndex = 0; path = SwiftUINavigation.framework; sourceTree = BUILT_PRODUCTS_DIR; };
		24F1526402401DBFF6736037 /* InternalCollectionsUtilities.framework */ = {isa = PBXFileReference; explicitFileType = wrapper.framework; includeInIndex = 0; path = InternalCollectionsUtilities.framework; sourceTree = BUILT_PRODUCTS_DIR; };
		275036982500E63F980B08D3 /* OrderedCollections.framework */ = {isa = PBXFileReference; explicitFileType = wrapper.framework; includeInIndex = 0; path = OrderedCollections.framework; sourceTree = BUILT_PRODUCTS_DIR; };
		28B28AE28B75F4A08064786E /* SwiftNavigation.framework */ = {isa = PBXFileReference; explicitFileType = wrapper.framework; includeInIndex = 0; path = SwiftNavigation.framework; sourceTree = BUILT_PRODUCTS_DIR; };
		2B1CB2AE5D705F53F062A800 /* API.framework */ = {isa = PBXFileReference; explicitFileType = wrapper.framework; includeInIndex = 0; path = API.framework; sourceTree = BUILT_PRODUCTS_DIR; };
		2B60FF119A6FEF6D0D51AE5B /* ConcurrencyExtras.framework */ = {isa = PBXFileReference; explicitFileType = wrapper.framework; includeInIndex = 0; path = ConcurrencyExtras.framework; sourceTree = BUILT_PRODUCTS_DIR; };
		319E89CCC442C21B32EE3C8A /* CasePaths.framework */ = {isa = PBXFileReference; explicitFileType = wrapper.framework; includeInIndex = 0; path = CasePaths.framework; sourceTree = BUILT_PRODUCTS_DIR; };
		38354F5D61ADD2C05EFA3A60 /* IssueReportingPackageSupport.framework */ = {isa = PBXFileReference; explicitFileType = wrapper.framework; includeInIndex = 0; path = IssueReportingPackageSupport.framework; sourceTree = BUILT_PRODUCTS_DIR; };
		3EF7E8BB122749DE3A5B8126 /* Networking.framework */ = {isa = PBXFileReference; explicitFileType = wrapper.framework; includeInIndex = 0; path = Networking.framework; sourceTree = BUILT_PRODUCTS_DIR; };
		4031F1BD9A9E73F69501493A /* swift-sharing_Sharing.bundle */ = {isa = PBXFileReference; explicitFileType = wrapper.cfbundle; includeInIndex = 0; path = "swift-sharing_Sharing.bundle"; sourceTree = BUILT_PRODUCTS_DIR; };
		44D709557E90FBEF8A8A4305 /* UIKitNavigationShim.framework */ = {isa = PBXFileReference; explicitFileType = wrapper.framework; includeInIndex = 0; path = UIKitNavigationShim.framework; sourceTree = BUILT_PRODUCTS_DIR; };
		4826D1DE20C63945D7E8813B /* EventLimiter.framework */ = {isa = PBXFileReference; explicitFileType = wrapper.framework; includeInIndex = 0; path = EventLimiter.framework; sourceTree = BUILT_PRODUCTS_DIR; };
		48BCB17D9732330186A8333E /* Sharing1.framework */ = {isa = PBXFileReference; explicitFileType = wrapper.framework; includeInIndex = 0; path = Sharing1.framework; sourceTree = BUILT_PRODUCTS_DIR; };
		491B7F0EBCB2B579DEE44331 /* Model.framework */ = {isa = PBXFileReference; explicitFileType = wrapper.framework; includeInIndex = 0; path = Model.framework; sourceTree = BUILT_PRODUCTS_DIR; };
		4E8AFBE865C2E9AF6DC86FF8 /* MusicSearchUseCase.swift */ = {isa = PBXFileReference; lastKnownFileType = sourcecode.swift; path = MusicSearchUseCase.swift; sourceTree = "<group>"; };
		506286633FC4DF9633A2E0FD /* Dependencies.framework */ = {isa = PBXFileReference; explicitFileType = wrapper.framework; includeInIndex = 0; path = Dependencies.framework; sourceTree = BUILT_PRODUCTS_DIR; };
		57E0D39ADB0EDA14D1AECB21 /* AsyncMoya.framework */ = {isa = PBXFileReference; explicitFileType = wrapper.framework; includeInIndex = 0; path = AsyncMoya.framework; sourceTree = BUILT_PRODUCTS_DIR; };
		6AA0797B504174C847E8FE95 /* Clocks.framework */ = {isa = PBXFileReference; explicitFileType = wrapper.framework; includeInIndex = 0; path = Clocks.framework; sourceTree = BUILT_PRODUCTS_DIR; };
		6C51192BCDE8A7E9252657C2 /* Repository.framework */ = {isa = PBXFileReference; explicitFileType = wrapper.framework; includeInIndex = 0; path = Repository.framework; sourceTree = BUILT_PRODUCTS_DIR; };
		73410F3CAB67ED344CC3D062 /* RxMoya.framework */ = {isa = PBXFileReference; explicitFileType = wrapper.framework; includeInIndex = 0; path = RxMoya.framework; sourceTree = BUILT_PRODUCTS_DIR; };
		736374D98427021184233CEA /* MusicSearchUseCaseTests.swift */ = {isa = PBXFileReference; lastKnownFileType = sourcecode.swift; path = MusicSearchUseCaseTests.swift; sourceTree = "<group>"; };
		765D2D0CA936BA6ADB4F5CE8 /* UseCase_Stage.framework */ = {isa = PBXFileReference; explicitFileType = wrapper.framework; includeInIndex = 0; path = UseCase_Stage.framework; sourceTree = BUILT_PRODUCTS_DIR; };
		7F1AC7422EB44F3700C82441 /* MusicDetailUseCase.swift */ = {isa = PBXFileReference; lastKnownFileType = sourcecode.swift; path = MusicDetailUseCase.swift; sourceTree = "<group>"; };
		7F1AC7492EB452AB00C82441 /* MusicDetailUseCaseTests.swift */ = {isa = PBXFileReference; lastKnownFileType = sourcecode.swift; path = MusicDetailUseCaseTests.swift; sourceTree = "<group>"; };
		83C1C4DE45683C912C8DC2B4 /* Perception.framework */ = {isa = PBXFileReference; explicitFileType = wrapper.framework; includeInIndex = 0; path = Perception.framework; sourceTree = BUILT_PRODUCTS_DIR; };
		85FEAEF231E31B0754B21769 /* PerceptionCore.framework */ = {isa = PBXFileReference; explicitFileType = wrapper.framework; includeInIndex = 0; path = PerceptionCore.framework; sourceTree = BUILT_PRODUCTS_DIR; };
		8A7443ABF2BF970A68F68C39 /* CombineSchedulers.framework */ = {isa = PBXFileReference; explicitFileType = wrapper.framework; includeInIndex = 0; path = CombineSchedulers.framework; sourceTree = BUILT_PRODUCTS_DIR; };
		8D8A2D9DA49513C777029E76 /* UseCase_Debug.framework */ = {isa = PBXFileReference; explicitFileType = wrapper.framework; includeInIndex = 0; path = UseCase_Debug.framework; sourceTree = BUILT_PRODUCTS_DIR; };
		9508B8EA67CFEB36EF508AF4 /* UseCase-Info.plist */ = {isa = PBXFileReference; lastKnownFileType = text.plist; path = "UseCase-Info.plist"; sourceTree = "<group>"; };
		981DA49FF8FB5D20F6052CD5 /* UseCase.framework */ = {isa = PBXFileReference; explicitFileType = wrapper.framework; includeInIndex = 0; path = UseCase.framework; sourceTree = BUILT_PRODUCTS_DIR; };
		9D1B8C349D40AC2EE01758FF /* UseCase-Debug-Info.plist */ = {isa = PBXFileReference; lastKnownFileType = text.plist; path = "UseCase-Debug-Info.plist"; sourceTree = "<group>"; };
		9F4ACA03FCFFBB51D80448FF /* Alamofire_Alamofire.bundle */ = {isa = PBXFileReference; explicitFileType = wrapper.cfbundle; includeInIndex = 0; path = Alamofire_Alamofire.bundle; sourceTree = BUILT_PRODUCTS_DIR; };
		A06ABB2F1523CED2E74B4851 /* ComposableArchitecture.framework */ = {isa = PBXFileReference; explicitFileType = wrapper.framework; includeInIndex = 0; path = ComposableArchitecture.framework; sourceTree = BUILT_PRODUCTS_DIR; };
		A733A7597F14F4728F8A5C0C /* swift-composable-architecture_ComposableArchitecture.bundle */ = {isa = PBXFileReference; explicitFileType = wrapper.cfbundle; includeInIndex = 0; path = "swift-composable-architecture_ComposableArchitecture.bundle"; sourceTree = BUILT_PRODUCTS_DIR; };
		A751B0F38C9C2575198515CF /* UseCaseTests.xctest */ = {isa = PBXFileReference; explicitFileType = wrapper.cfbundle; includeInIndex = 0; path = UseCaseTests.xctest; sourceTree = BUILT_PRODUCTS_DIR; };
		B13814CB96F2A20B29446433 /* Moya.framework */ = {isa = PBXFileReference; explicitFileType = wrapper.framework; includeInIndex = 0; path = Moya.framework; sourceTree = BUILT_PRODUCTS_DIR; };
		B903EEF70DF0FB080EFC7B9B /* DependenciesMacros.framework */ = {isa = PBXFileReference; explicitFileType = wrapper.framework; includeInIndex = 0; path = DependenciesMacros.framework; sourceTree = BUILT_PRODUCTS_DIR; };
		B922F6F0A84360198FB6043A /* LogMacro.framework */ = {isa = PBXFileReference; explicitFileType = wrapper.framework; includeInIndex = 0; path = LogMacro.framework; sourceTree = BUILT_PRODUCTS_DIR; };
		B930A91712C71F045FA71426 /* IssueReporting.framework */ = {isa = PBXFileReference; explicitFileType = wrapper.framework; includeInIndex = 0; path = IssueReporting.framework; sourceTree = BUILT_PRODUCTS_DIR; };
		BDC4D3A9CC2456F59785C311 /* CustomDump.framework */ = {isa = PBXFileReference; explicitFileType = wrapper.framework; includeInIndex = 0; path = CustomDump.framework; sourceTree = BUILT_PRODUCTS_DIR; };
		C4016988238AD435EC070B51 /* UseCaseTests-Info.plist */ = {isa = PBXFileReference; lastKnownFileType = text.plist; path = "UseCaseTests-Info.plist"; sourceTree = "<group>"; };
		D1A87B170DAF79CF51F0B36C /* CombineMoya.framework */ = {isa = PBXFileReference; explicitFileType = wrapper.framework; includeInIndex = 0; path = CombineMoya.framework; sourceTree = BUILT_PRODUCTS_DIR; };
		D6FD9521226B13200DEB8FED /* UseCase-Prod-Info.plist */ = {isa = PBXFileReference; lastKnownFileType = text.plist; path = "UseCase-Prod-Info.plist"; sourceTree = "<group>"; };
		D748E68EDF03BA484791AC0E /* UIKitNavigation.framework */ = {isa = PBXFileReference; explicitFileType = wrapper.framework; includeInIndex = 0; path = UIKitNavigation.framework; sourceTree = BUILT_PRODUCTS_DIR; };
		D7D106A44F676A3F66DBD268 /* Service.framework */ = {isa = PBXFileReference; explicitFileType = wrapper.framework; includeInIndex = 0; path = Service.framework; sourceTree = BUILT_PRODUCTS_DIR; };
		DB46CD1936DD40DFF06F6E70 /* RxSwift.framework */ = {isa = PBXFileReference; explicitFileType = wrapper.framework; includeInIndex = 0; path = RxSwift.framework; sourceTree = BUILT_PRODUCTS_DIR; };
		DCE5B4C0845929AAD691396C /* Sharing.framework */ = {isa = PBXFileReference; explicitFileType = wrapper.framework; includeInIndex = 0; path = Sharing.framework; sourceTree = BUILT_PRODUCTS_DIR; };
		DFD5128DC344D8263474C557 /* CFNetwork.framework */ = {isa = PBXFileReference; lastKnownFileType = wrapper.framework; name = CFNetwork.framework; path = Platforms/iPhoneOS.platform/Developer/SDKs/iPhoneOS.sdk/System/Library/Frameworks/CFNetwork.framework; sourceTree = DEVELOPER_DIR; };
		E18B0DBA8AF99C0DB2DBE2C8 /* Alamofire.framework */ = {isa = PBXFileReference; explicitFileType = wrapper.framework; includeInIndex = 0; path = Alamofire.framework; sourceTree = BUILT_PRODUCTS_DIR; };
		E19624172169EC662A81D26B /* WeaveDI.framework */ = {isa = PBXFileReference; explicitFileType = wrapper.framework; includeInIndex = 0; path = WeaveDI.framework; sourceTree = BUILT_PRODUCTS_DIR; };
		EF32355A546906AD16B4026C /* Sharing2.framework */ = {isa = PBXFileReference; explicitFileType = wrapper.framework; includeInIndex = 0; path = Sharing2.framework; sourceTree = BUILT_PRODUCTS_DIR; };
		F2E0EC679FC135E5CEC0A9AD /* IdentifiedCollections.framework */ = {isa = PBXFileReference; explicitFileType = wrapper.framework; includeInIndex = 0; path = IdentifiedCollections.framework; sourceTree = BUILT_PRODUCTS_DIR; };
		F8685E99C5809D7529D75E04 /* DataInterface.framework */ = {isa = PBXFileReference; explicitFileType = wrapper.framework; includeInIndex = 0; path = DataInterface.framework; sourceTree = BUILT_PRODUCTS_DIR; };
		F9761AA31A39E2CCF29043E7 /* UseCase_Prod.framework */ = {isa = PBXFileReference; explicitFileType = wrapper.framework; includeInIndex = 0; path = UseCase_Prod.framework; sourceTree = BUILT_PRODUCTS_DIR; };
		FA48A0D2804DC03C431C9190 /* OSLog.framework */ = {isa = PBXFileReference; lastKnownFileType = wrapper.framework; name = OSLog.framework; path = Platforms/iPhoneOS.platform/Developer/SDKs/iPhoneOS.sdk/System/Library/Frameworks/OSLog.framework; sourceTree = DEVELOPER_DIR; };
		FB9702202A42059A564824B3 /* DomainInterface.framework */ = {isa = PBXFileReference; explicitFileType = wrapper.framework; includeInIndex = 0; path = DomainInterface.framework; sourceTree = BUILT_PRODUCTS_DIR; };
/* End PBXFileReference section */

/* Begin PBXFrameworksBuildPhase section */
		12F97892778F09B5E8D51281 /* Frameworks */ = {
			isa = PBXFrameworksBuildPhase;
			buildActionMask = 2147483647;
			files = (
				89E0A31F51C1EB7029936363 /* DomainInterface.framework in Frameworks */,
			);
			runOnlyForDeploymentPostprocessing = 0;
		};
		49F0FCDB682DDD17456E6781 /* Frameworks */ = {
			isa = PBXFrameworksBuildPhase;
			buildActionMask = 2147483647;
			files = (
				BE6308218C24F4DC05F90B5E /* CFNetwork.framework in Frameworks */,
				6F8C0740809FF4FA4ECB5419 /* OSLog.framework in Frameworks */,
				BA387595B90C5452EC8C9828 /* API.framework in Frameworks */,
				4AD89C18B506171EE4B7B14C /* Alamofire.framework in Frameworks */,
				0518EA00A190B30C0F17D7A1 /* AsyncMoya.framework in Frameworks */,
				639F5DA2F5E386011A7ACD8D /* CasePaths.framework in Frameworks */,
				B56BA2CAB8E95C0B318816C5 /* CasePathsCore.framework in Frameworks */,
				13D48166F46D9317D55B2CF3 /* Clocks.framework in Frameworks */,
				9A939653280A5C9E74F74755 /* CombineMoya.framework in Frameworks */,
				225CEFCE42B0B52EADC274BD /* CombineSchedulers.framework in Frameworks */,
				7AC6377C2F512F8932492065 /* ComposableArchitecture.framework in Frameworks */,
				039F640F54A3DEE46842069F /* ConcurrencyExtras.framework in Frameworks */,
				CAA123A29015605C00B054B0 /* CustomDump.framework in Frameworks */,
				5C4F067A4986D6C4E2EB4B7F /* DataInterface.framework in Frameworks */,
				B9C9A498E023667DA2DBE6E9 /* Dependencies.framework in Frameworks */,
				FB5F5B5975EA6EFA6DBB7A9F /* DependenciesMacros.framework in Frameworks */,
				3AD9817DB1EA153D26CA1169 /* DomainInterface.framework in Frameworks */,
				FFD7B5BAED339B1651E23F43 /* EventLimiter.framework in Frameworks */,
				7DAC805575823E4D03899B13 /* Foundations.framework in Frameworks */,
				00DFC76D5E73EFAACB117244 /* IdentifiedCollections.framework in Frameworks */,
				C94613A52F9BFA9FB4F53709 /* InternalCollectionsUtilities.framework in Frameworks */,
				AD9C424DD9EB3BBDF51C7E00 /* IssueReporting.framework in Frameworks */,
				EE69B862A9856B56F0FF9AAC /* IssueReportingPackageSupport.framework in Frameworks */,
				A705971F0A7C3227E903D5B6 /* LogMacro.framework in Frameworks */,
				B2AF891D2D2481ADFD0D1400 /* Model.framework in Frameworks */,
				9C90DE6CD2E6D84469773EB7 /* Moya.framework in Frameworks */,
				74CF85AA8553EF14DCDD88DB /* Networking.framework in Frameworks */,
				5EDB47A27CE022305A0209FB /* OrderedCollections.framework in Frameworks */,
				9A865777262F57D1BDDF8DEF /* Perception.framework in Frameworks */,
				546C4C7902FF0E1EBD659ED0 /* PerceptionCore.framework in Frameworks */,
				BB5DA4B960E719E9BC9438A5 /* Repository.framework in Frameworks */,
				AA2B5ED316624F6155EF75A4 /* RxMoya.framework in Frameworks */,
				7CACD226B24EC1A16A8C2348 /* RxSwift.framework in Frameworks */,
				DE5D7645FE62EEC5E0714F4E /* Service.framework in Frameworks */,
				75D5489B5B030315F847CEC7 /* Sharing.framework in Frameworks */,
				D5393DB4DF93417EF9EE85BB /* Sharing1.framework in Frameworks */,
				8D33245E18919C5183CF8240 /* Sharing2.framework in Frameworks */,
				981D811B08EC3109C187940B /* SwiftNavigation.framework in Frameworks */,
				F2ECBEB3C9CF423819541589 /* SwiftUINavigation.framework in Frameworks */,
				071B981F0D2DF826183B79CB /* UIKitNavigation.framework in Frameworks */,
				27BC664E66CCF74669CFCB4A /* UIKitNavigationShim.framework in Frameworks */,
				541697140A6418A997A49C8E /* UseCase.framework in Frameworks */,
				731AA6801D9807916BF43DFA /* WeaveDI.framework in Frameworks */,
				532676483F2C2203F76AB474 /* XCTestDynamicOverlay.framework in Frameworks */,
			);
			runOnlyForDeploymentPostprocessing = 0;
		};
		7A94753229BCF2CE97845D6C /* Frameworks */ = {
			isa = PBXFrameworksBuildPhase;
			buildActionMask = 2147483647;
			files = (
				504D664D011D018429E293BF /* DomainInterface.framework in Frameworks */,
			);
			runOnlyForDeploymentPostprocessing = 0;
		};
		CAD044BB9155462C25D33791 /* Frameworks */ = {
			isa = PBXFrameworksBuildPhase;
			buildActionMask = 2147483647;
			files = (
				E2FCBD579384B0665935A639 /* DomainInterface.framework in Frameworks */,
			);
			runOnlyForDeploymentPostprocessing = 0;
		};
		FCCC3C31F925818E03CD87CA /* Frameworks */ = {
			isa = PBXFrameworksBuildPhase;
			buildActionMask = 2147483647;
			files = (
				76C16B36E81AF240140426DA /* DomainInterface.framework in Frameworks */,
			);
			runOnlyForDeploymentPostprocessing = 0;
		};
/* End PBXFrameworksBuildPhase section */

/* Begin PBXGroup section */
		24C485C2264AA4D53285980D /* Sources */ = {
			isa = PBXGroup;
			children = (
				7F1AC7412EB44F2B00C82441 /* Detail */,
				7F1AC73F2EB44F1100C82441 /* Search */,
			);
			path = Sources;
			sourceTree = "<group>";
		};
		69D9351C275C988F76520280 /* Project */ = {
			isa = PBXGroup;
			children = (
				7BA79317E36A34446201C028 /* Derived */,
				24C485C2264AA4D53285980D /* Sources */,
				78A591603ED90C5371A925D1 /* UseCaseTests */,
			);
			name = Project;
			sourceTree = "<group>";
		};
		728FE43A312D21FFBB68E006 = {
			isa = PBXGroup;
			children = (
				69D9351C275C988F76520280 /* Project */,
				BF0062FA29B274A2F9F0E5D9 /* Products */,
				C4FA0D0A6E006082621144E3 /* Frameworks */,
			);
			sourceTree = "<group>";
		};
		78A591603ED90C5371A925D1 /* UseCaseTests */ = {
			isa = PBXGroup;
			children = (
				AA59CE1FEA8A06FD9F2BEE42 /* Sources */,
			);
			path = UseCaseTests;
			sourceTree = "<group>";
		};
		7BA79317E36A34446201C028 /* Derived */ = {
			isa = PBXGroup;
			children = (
				B689C96CF7E0ED0FEEF513C1 /* InfoPlists */,
			);
			path = Derived;
			sourceTree = "<group>";
		};
		7F1AC73F2EB44F1100C82441 /* Search */ = {
			isa = PBXGroup;
			children = (
				4E8AFBE865C2E9AF6DC86FF8 /* MusicSearchUseCase.swift */,
			);
			path = Search;
			sourceTree = "<group>";
		};
		7F1AC7412EB44F2B00C82441 /* Detail */ = {
			isa = PBXGroup;
			children = (
				7F1AC7422EB44F3700C82441 /* MusicDetailUseCase.swift */,
			);
			path = Detail;
			sourceTree = "<group>";
		};
		AA59CE1FEA8A06FD9F2BEE42 /* Sources */ = {
			isa = PBXGroup;
			children = (
				7F1AC7492EB452AB00C82441 /* MusicDetailUseCaseTests.swift */,
				736374D98427021184233CEA /* MusicSearchUseCaseTests.swift */,
			);
			path = Sources;
			sourceTree = "<group>";
		};
		B689C96CF7E0ED0FEEF513C1 /* InfoPlists */ = {
			isa = PBXGroup;
			children = (
				9D1B8C349D40AC2EE01758FF /* UseCase-Debug-Info.plist */,
				9508B8EA67CFEB36EF508AF4 /* UseCase-Info.plist */,
				D6FD9521226B13200DEB8FED /* UseCase-Prod-Info.plist */,
				156620DF42B5B603B36FFC4D /* UseCase-Stage-Info.plist */,
				C4016988238AD435EC070B51 /* UseCaseTests-Info.plist */,
			);
			path = InfoPlists;
			sourceTree = "<group>";
		};
		BF0062FA29B274A2F9F0E5D9 /* Products */ = {
			isa = PBXGroup;
			children = (
				9F4ACA03FCFFBB51D80448FF /* Alamofire_Alamofire.bundle */,
				E18B0DBA8AF99C0DB2DBE2C8 /* Alamofire.framework */,
				2B1CB2AE5D705F53F062A800 /* API.framework */,
				57E0D39ADB0EDA14D1AECB21 /* AsyncMoya.framework */,
				319E89CCC442C21B32EE3C8A /* CasePaths.framework */,
				077022AC51917B06E9B06B85 /* CasePathsCore.framework */,
				6AA0797B504174C847E8FE95 /* Clocks.framework */,
				D1A87B170DAF79CF51F0B36C /* CombineMoya.framework */,
				8A7443ABF2BF970A68F68C39 /* CombineSchedulers.framework */,
				A06ABB2F1523CED2E74B4851 /* ComposableArchitecture.framework */,
				2B60FF119A6FEF6D0D51AE5B /* ConcurrencyExtras.framework */,
				BDC4D3A9CC2456F59785C311 /* CustomDump.framework */,
				F8685E99C5809D7529D75E04 /* DataInterface.framework */,
				506286633FC4DF9633A2E0FD /* Dependencies.framework */,
				B903EEF70DF0FB080EFC7B9B /* DependenciesMacros.framework */,
				FB9702202A42059A564824B3 /* DomainInterface.framework */,
				4826D1DE20C63945D7E8813B /* EventLimiter.framework */,
				097C8502B89ACBB0F0A6B3DF /* Foundations.framework */,
				F2E0EC679FC135E5CEC0A9AD /* IdentifiedCollections.framework */,
				24F1526402401DBFF6736037 /* InternalCollectionsUtilities.framework */,
				B930A91712C71F045FA71426 /* IssueReporting.framework */,
				38354F5D61ADD2C05EFA3A60 /* IssueReportingPackageSupport.framework */,
				B922F6F0A84360198FB6043A /* LogMacro.framework */,
				491B7F0EBCB2B579DEE44331 /* Model.framework */,
				B13814CB96F2A20B29446433 /* Moya.framework */,
				3EF7E8BB122749DE3A5B8126 /* Networking.framework */,
				275036982500E63F980B08D3 /* OrderedCollections.framework */,
				83C1C4DE45683C912C8DC2B4 /* Perception.framework */,
				85FEAEF231E31B0754B21769 /* PerceptionCore.framework */,
				6C51192BCDE8A7E9252657C2 /* Repository.framework */,
				73410F3CAB67ED344CC3D062 /* RxMoya.framework */,
				DB46CD1936DD40DFF06F6E70 /* RxSwift.framework */,
				D7D106A44F676A3F66DBD268 /* Service.framework */,
				DCE5B4C0845929AAD691396C /* Sharing.framework */,
				48BCB17D9732330186A8333E /* Sharing1.framework */,
				EF32355A546906AD16B4026C /* Sharing2.framework */,
				A733A7597F14F4728F8A5C0C /* swift-composable-architecture_ComposableArchitecture.bundle */,
				4031F1BD9A9E73F69501493A /* swift-sharing_Sharing.bundle */,
				28B28AE28B75F4A08064786E /* SwiftNavigation.framework */,
				1C2FD116C7A6B0F966929543 /* SwiftUINavigation.framework */,
				D748E68EDF03BA484791AC0E /* UIKitNavigation.framework */,
				44D709557E90FBEF8A8A4305 /* UIKitNavigationShim.framework */,
				8D8A2D9DA49513C777029E76 /* UseCase_Debug.framework */,
				F9761AA31A39E2CCF29043E7 /* UseCase_Prod.framework */,
				765D2D0CA936BA6ADB4F5CE8 /* UseCase_Stage.framework */,
				981DA49FF8FB5D20F6052CD5 /* UseCase.framework */,
				A751B0F38C9C2575198515CF /* UseCaseTests.xctest */,
				E19624172169EC662A81D26B /* WeaveDI.framework */,
				008DF05C3439EA6B9FDCF073 /* XCTestDynamicOverlay.framework */,
			);
			name = Products;
			sourceTree = "<group>";
		};
		C4FA0D0A6E006082621144E3 /* Frameworks */ = {
			isa = PBXGroup;
			children = (
				DFD5128DC344D8263474C557 /* CFNetwork.framework */,
				FA48A0D2804DC03C431C9190 /* OSLog.framework */,
			);
			name = Frameworks;
			sourceTree = "<group>";
		};
/* End PBXGroup section */

/* Begin PBXNativeTarget section */
		3DF3057AD58FAE5A14CAF9E4 /* UseCaseTests */ = {
			isa = PBXNativeTarget;
			buildConfigurationList = A52EED1EFE544898B4337FD6 /* Build configuration list for PBXNativeTarget "UseCaseTests" */;
			buildPhases = (
				24DD98DB5A42EF7357D9D619 /* Sources */,
				D4AFB39E700AE8B1FD97CFB1 /* Resources */,
				49F0FCDB682DDD17456E6781 /* Frameworks */,
				1785EF16E2B179422726EDF2 /* Embed Frameworks */,
				1264FD7FB19BA1E456552A7D /* Dependencies */,
			);
			buildRules = (
			);
			dependencies = (
				BA41CC8FD9AE153EDC4B9481 /* PBXTargetDependency */,
			);
			name = UseCaseTests;
			packageProductDependencies = (
			);
			productName = UseCaseTests;
			productReference = A751B0F38C9C2575198515CF /* UseCaseTests.xctest */;
			productType = "com.apple.product-type.bundle.unit-test";
		};
		8C65047FBC2F2D1C1DEF93C0 /* UseCase-Debug */ = {
			isa = PBXNativeTarget;
			buildConfigurationList = 4C9F1943A5D5780A954F0765 /* Build configuration list for PBXNativeTarget "UseCase-Debug" */;
			buildPhases = (
				64AEEE20ECB8BF08B3F91071 /* Sources */,
				B3F3468A62B00010F0C244D1 /* Resources */,
				CAD044BB9155462C25D33791 /* Frameworks */,
				D514C67A05A62184CDD19868 /* Embed Frameworks */,
				D67561678CE965A74FF5140F /* Dependencies */,
			);
			buildRules = (
			);
			dependencies = (
			);
			name = "UseCase-Debug";
			packageProductDependencies = (
			);
			productName = UseCase_Debug;
			productReference = 8D8A2D9DA49513C777029E76 /* UseCase_Debug.framework */;
			productType = "com.apple.product-type.framework";
		};
		C5E5699E683D790D1BF5560E /* UseCase-Prod */ = {
			isa = PBXNativeTarget;
			buildConfigurationList = 146B70523CFCCD314A72B48F /* Build configuration list for PBXNativeTarget "UseCase-Prod" */;
			buildPhases = (
				82D558C881C80001E2252C86 /* Sources */,
				29F80BD4780FD8354F542133 /* Resources */,
				FCCC3C31F925818E03CD87CA /* Frameworks */,
				72B388F9D5D07EF7DDE9B7FC /* Embed Frameworks */,
				06E71EF9542AC4B578DCA5A3 /* Dependencies */,
			);
			buildRules = (
			);
			dependencies = (
			);
			name = "UseCase-Prod";
			packageProductDependencies = (
			);
			productName = UseCase_Prod;
			productReference = F9761AA31A39E2CCF29043E7 /* UseCase_Prod.framework */;
			productType = "com.apple.product-type.framework";
		};
		E9771ABDD23E7E423EDDA20B /* UseCase-Stage */ = {
			isa = PBXNativeTarget;
			buildConfigurationList = 946D7DFCDF034D49A19E16D8 /* Build configuration list for PBXNativeTarget "UseCase-Stage" */;
			buildPhases = (
				815BD39EEE74CD6B7317E1F4 /* Sources */,
				6BAEA7C9FE602A86F0745E65 /* Resources */,
				12F97892778F09B5E8D51281 /* Frameworks */,
				248619F5A5BDEA2FB3124ADD /* Embed Frameworks */,
				823654538862A5D1C4A11C8C /* Dependencies */,
			);
			buildRules = (
			);
			dependencies = (
			);
			name = "UseCase-Stage";
			packageProductDependencies = (
			);
			productName = UseCase_Stage;
			productReference = 765D2D0CA936BA6ADB4F5CE8 /* UseCase_Stage.framework */;
			productType = "com.apple.product-type.framework";
		};
		F7ABD5E2347ED8B12FE2AABD /* UseCase */ = {
			isa = PBXNativeTarget;
			buildConfigurationList = 40567AD739C47708EF00BE71 /* Build configuration list for PBXNativeTarget "UseCase" */;
			buildPhases = (
				74EDD284A907393A4CEFBF6F /* Sources */,
				15AED2C5C8127884EC254682 /* Resources */,
				7A94753229BCF2CE97845D6C /* Frameworks */,
				43A5087052C526A9D7C83DD8 /* Embed Frameworks */,
				FD401F535FD0F0B19E45FF4B /* Dependencies */,
			);
			buildRules = (
			);
			dependencies = (
			);
			name = UseCase;
			packageProductDependencies = (
			);
			productName = UseCase;
			productReference = 981DA49FF8FB5D20F6052CD5 /* UseCase.framework */;
			productType = "com.apple.product-type.framework";
		};
/* End PBXNativeTarget section */

/* Begin PBXProject section */
		6BDC2ECB7C69CEDB1C1402B3 /* Project object */ = {
			isa = PBXProject;
			attributes = {
				BuildIndependentTargetsInParallel = YES;
			};
			buildConfigurationList = 457FF1DD029A472E8F5461F7 /* Build configuration list for PBXProject "UseCase" */;
			compatibilityVersion = "Xcode 14.0";
			developmentRegion = ko;
			hasScannedForEncodings = 0;
			knownRegions = (
				en,
				ko,
			);
			mainGroup = 728FE43A312D21FFBB68E006;
			productRefGroup = BF0062FA29B274A2F9F0E5D9 /* Products */;
			projectDirPath = "";
			projectRoot = "";
			targets = (
				F7ABD5E2347ED8B12FE2AABD /* UseCase */,
				8C65047FBC2F2D1C1DEF93C0 /* UseCase-Debug */,
				C5E5699E683D790D1BF5560E /* UseCase-Prod */,
				E9771ABDD23E7E423EDDA20B /* UseCase-Stage */,
				3DF3057AD58FAE5A14CAF9E4 /* UseCaseTests */,
			);
		};
/* End PBXProject section */

/* Begin PBXResourcesBuildPhase section */
		15AED2C5C8127884EC254682 /* Resources */ = {
			isa = PBXResourcesBuildPhase;
			buildActionMask = 2147483647;
			files = (
			);
			runOnlyForDeploymentPostprocessing = 0;
		};
		29F80BD4780FD8354F542133 /* Resources */ = {
			isa = PBXResourcesBuildPhase;
			buildActionMask = 2147483647;
			files = (
			);
			runOnlyForDeploymentPostprocessing = 0;
		};
		6BAEA7C9FE602A86F0745E65 /* Resources */ = {
			isa = PBXResourcesBuildPhase;
			buildActionMask = 2147483647;
			files = (
			);
			runOnlyForDeploymentPostprocessing = 0;
		};
		B3F3468A62B00010F0C244D1 /* Resources */ = {
			isa = PBXResourcesBuildPhase;
			buildActionMask = 2147483647;
			files = (
			);
			runOnlyForDeploymentPostprocessing = 0;
		};
		D4AFB39E700AE8B1FD97CFB1 /* Resources */ = {
			isa = PBXResourcesBuildPhase;
			buildActionMask = 2147483647;
			files = (
				25E0B791089D72B6B8C172C9 /* Alamofire_Alamofire.bundle in Resources */,
				014438C30E3FBCFDF9D90E75 /* swift-composable-architecture_ComposableArchitecture.bundle in Resources */,
				B3D82FA785BA33FDEE677930 /* swift-sharing_Sharing.bundle in Resources */,
			);
			runOnlyForDeploymentPostprocessing = 0;
		};
/* End PBXResourcesBuildPhase section */

/* Begin PBXSourcesBuildPhase section */
		24DD98DB5A42EF7357D9D619 /* Sources */ = {
			isa = PBXSourcesBuildPhase;
			buildActionMask = 2147483647;
			files = (
				7F1AC74A2EB452AF00C82441 /* MusicDetailUseCaseTests.swift in Sources */,
				0E8079E210A702DE84224A0F /* MusicSearchUseCaseTests.swift in Sources */,
			);
			runOnlyForDeploymentPostprocessing = 0;
		};
		64AEEE20ECB8BF08B3F91071 /* Sources */ = {
			isa = PBXSourcesBuildPhase;
			buildActionMask = 2147483647;
			files = (
				240DC4A00D69459A8E3245F0 /* MusicSearchUseCase.swift in Sources */,
				7F1AC7442EB44F3700C82441 /* MusicDetailUseCase.swift in Sources */,
			);
			runOnlyForDeploymentPostprocessing = 0;
		};
		74EDD284A907393A4CEFBF6F /* Sources */ = {
			isa = PBXSourcesBuildPhase;
			buildActionMask = 2147483647;
			files = (
				3CC8A123B783E8673857C787 /* MusicSearchUseCase.swift in Sources */,
				7F1AC7462EB44F3700C82441 /* MusicDetailUseCase.swift in Sources */,
			);
			runOnlyForDeploymentPostprocessing = 0;
		};
		815BD39EEE74CD6B7317E1F4 /* Sources */ = {
			isa = PBXSourcesBuildPhase;
			buildActionMask = 2147483647;
			files = (
				5FF798A0F87D336CEE09550E /* MusicSearchUseCase.swift in Sources */,
				7F1AC7452EB44F3700C82441 /* MusicDetailUseCase.swift in Sources */,
			);
			runOnlyForDeploymentPostprocessing = 0;
		};
		82D558C881C80001E2252C86 /* Sources */ = {
			isa = PBXSourcesBuildPhase;
			buildActionMask = 2147483647;
			files = (
				87E1677F90F2EA114F5A9ED7 /* MusicSearchUseCase.swift in Sources */,
				7F1AC7432EB44F3700C82441 /* MusicDetailUseCase.swift in Sources */,
			);
			runOnlyForDeploymentPostprocessing = 0;
		};
/* End PBXSourcesBuildPhase section */

/* Begin PBXTargetDependency section */
		BA41CC8FD9AE153EDC4B9481 /* PBXTargetDependency */ = {
			isa = PBXTargetDependency;
			name = UseCase;
			target = F7ABD5E2347ED8B12FE2AABD /* UseCase */;
			targetProxy = 994080C900D3F2225E8352B3 /* PBXContainerItemProxy */;
		};
/* End PBXTargetDependency section */

/* Begin XCBuildConfiguration section */
		0F2351BA83A11087724D90D2 /* Release */ = {
			isa = XCBuildConfiguration;
			buildSettings = {
				CODE_SIGN_IDENTITY = "";
				CURRENT_PROJECT_VERSION = 1;
				DEFINES_MODULE = YES;
				DYLIB_COMPATIBILITY_VERSION = 1;
				DYLIB_CURRENT_VERSION = 1;
				DYLIB_INSTALL_NAME_BASE = "@rpath";
				HEADER_SEARCH_PATHS = (
					"$(inherited)",
					"$(SRCROOT)/../../../../Tuist/.build/checkouts/swift-navigation/Sources/UIKitNavigationShim/include",
					"$(SRCROOT)/../../../../Tuist/.build/checkouts/swift-syntax/Sources/_SwiftSyntaxCShims/include",
				);
				INFOPLIST_FILE = "Derived/InfoPlists/UseCase-Stage-Info.plist";
				INSTALL_PATH = "$(LOCAL_LIBRARY_DIR)/Frameworks";
				IPHONEOS_DEPLOYMENT_TARGET = 16.6;
				LD_RUNPATH_SEARCH_PATHS = (
					"$(inherited)",
					"@executable_path/Frameworks",
					"@loader_path/Frameworks",
				);
				MACH_O_TYPE = staticlib;
				OTHER_CFLAGS = (
					"$(inherited)",
					"-fmodule-map-file=$(SRCROOT)/../../../../Tuist/.build/checkouts/swift-syntax/Sources/_SwiftSyntaxCShims/include/module.modulemap",
					"-fmodule-map-file=$(SRCROOT)/../../../../Tuist/.build/tuist-derived/UIKitNavigationShim/UIKitNavigationShim.modulemap",
				);
				OTHER_SWIFT_FLAGS = "$(inherited) -Xcc -fmodule-map-file=$(SRCROOT)/../../../../Tuist/.build/checkouts/swift-syntax/Sources/_SwiftSyntaxCShims/include/module.modulemap -Xcc -fmodule-map-file=$(SRCROOT)/../../../../Tuist/.build/tuist-derived/UIKitNavigationShim/UIKitNavigationShim.modulemap -load-plugin-executable $BUILD_DIR/Debug$EFFECTIVE_PLATFORM_NAME/CasePathsMacros#CasePathsMacros -load-plugin-executable $BUILD_DIR/Debug$EFFECTIVE_PLATFORM_NAME/ComposableArchitectureMacros#ComposableArchitectureMacros -load-plugin-executable $BUILD_DIR/Debug$EFFECTIVE_PLATFORM_NAME/DependenciesMacrosPlugin#DependenciesMacrosPlugin -load-plugin-executable $BUILD_DIR/Debug$EFFECTIVE_PLATFORM_NAME/LogMacroMacro#LogMacroMacro -load-plugin-executable $BUILD_DIR/Debug$EFFECTIVE_PLATFORM_NAME/PerceptionMacros#PerceptionMacros -load-plugin-executable $BUILD_DIR/Debug$EFFECTIVE_PLATFORM_NAME/WeaveDIMacros#WeaveDIMacros";
				PRODUCT_BUNDLE_IDENTIFIER = io.Roy.Bandscape.UseCase;
				PRODUCT_NAME = UseCase_Stage;
				SDKROOT = iphoneos;
				SKIP_INSTALL = YES;
				SUPPORTS_MACCATALYST = NO;
				SUPPORTS_MAC_DESIGNED_FOR_IPHONE_IPAD = NO;
				SUPPORTS_XR_DESIGNED_FOR_IPHONE_IPAD = NO;
				SWIFT_COMPILATION_MODE = wholemodule;
				SWIFT_OPTIMIZATION_LEVEL = "-Owholemodule";
				SWIFT_VERSION = 5.0;
				TARGETED_DEVICE_FAMILY = 1;
				VERSIONING_SYSTEM = "apple-generic";
				VERSION_INFO_PREFIX = "";
			};
			name = Release;
		};
		13B1968A302FF8831A5B3761 /* Debug */ = {
			isa = XCBuildConfiguration;
			buildSettings = {
				CODE_SIGN_IDENTITY = "";
				CURRENT_PROJECT_VERSION = 1;
				DEFINES_MODULE = YES;
				DYLIB_COMPATIBILITY_VERSION = 1;
				DYLIB_CURRENT_VERSION = 1;
				DYLIB_INSTALL_NAME_BASE = "@rpath";
				HEADER_SEARCH_PATHS = (
					"$(inherited)",
					"$(SRCROOT)/../../../../Tuist/.build/checkouts/swift-navigation/Sources/UIKitNavigationShim/include",
					"$(SRCROOT)/../../../../Tuist/.build/checkouts/swift-syntax/Sources/_SwiftSyntaxCShims/include",
				);
				INFOPLIST_FILE = "Derived/InfoPlists/UseCase-Stage-Info.plist";
				INSTALL_PATH = "$(LOCAL_LIBRARY_DIR)/Frameworks";
				IPHONEOS_DEPLOYMENT_TARGET = 16.6;
				LD_RUNPATH_SEARCH_PATHS = (
					"$(inherited)",
					"@executable_path/Frameworks",
					"@loader_path/Frameworks",
				);
				MACH_O_TYPE = staticlib;
				OTHER_CFLAGS = (
					"$(inherited)",
					"-fmodule-map-file=$(SRCROOT)/../../../../Tuist/.build/checkouts/swift-syntax/Sources/_SwiftSyntaxCShims/include/module.modulemap",
					"-fmodule-map-file=$(SRCROOT)/../../../../Tuist/.build/tuist-derived/UIKitNavigationShim/UIKitNavigationShim.modulemap",
				);
				OTHER_SWIFT_FLAGS = "$(inherited) -Xcc -fmodule-map-file=$(SRCROOT)/../../../../Tuist/.build/checkouts/swift-syntax/Sources/_SwiftSyntaxCShims/include/module.modulemap -Xcc -fmodule-map-file=$(SRCROOT)/../../../../Tuist/.build/tuist-derived/UIKitNavigationShim/UIKitNavigationShim.modulemap -load-plugin-executable $BUILD_DIR/Debug$EFFECTIVE_PLATFORM_NAME/CasePathsMacros#CasePathsMacros -load-plugin-executable $BUILD_DIR/Debug$EFFECTIVE_PLATFORM_NAME/ComposableArchitectureMacros#ComposableArchitectureMacros -load-plugin-executable $BUILD_DIR/Debug$EFFECTIVE_PLATFORM_NAME/DependenciesMacrosPlugin#DependenciesMacrosPlugin -load-plugin-executable $BUILD_DIR/Debug$EFFECTIVE_PLATFORM_NAME/LogMacroMacro#LogMacroMacro -load-plugin-executable $BUILD_DIR/Debug$EFFECTIVE_PLATFORM_NAME/PerceptionMacros#PerceptionMacros -load-plugin-executable $BUILD_DIR/Debug$EFFECTIVE_PLATFORM_NAME/WeaveDIMacros#WeaveDIMacros";
				PRODUCT_BUNDLE_IDENTIFIER = io.Roy.Bandscape.UseCase;
				PRODUCT_NAME = UseCase_Stage;
				SDKROOT = iphoneos;
				SKIP_INSTALL = YES;
				SUPPORTS_MACCATALYST = NO;
				SUPPORTS_MAC_DESIGNED_FOR_IPHONE_IPAD = NO;
				SUPPORTS_XR_DESIGNED_FOR_IPHONE_IPAD = NO;
				SWIFT_ACTIVE_COMPILATION_CONDITIONS = "$(inherited) DEBUG";
				SWIFT_COMPILATION_MODE = singlefile;
				SWIFT_OPTIMIZATION_LEVEL = "-Onone";
				SWIFT_VERSION = 5.0;
				TARGETED_DEVICE_FAMILY = 1;
				VERSIONING_SYSTEM = "apple-generic";
				VERSION_INFO_PREFIX = "";
			};
			name = Debug;
		};
		1D21FF1BD6A4A1FE2F46B135 /* Release */ = {
			isa = XCBuildConfiguration;
			buildSettings = {
				ALWAYS_SEARCH_USER_PATHS = NO;
				CLANG_ANALYZER_LOCALIZABILITY_NONLOCALIZED = YES;
				CLANG_ANALYZER_NONNULL = YES;
				CLANG_ANALYZER_NUMBER_OBJECT_CONVERSION = YES_AGGRESSIVE;
				CLANG_CXX_LANGUAGE_STANDARD = "gnu++14";
				CLANG_CXX_LIBRARY = "libc++";
				CLANG_ENABLE_MODULES = YES;
				CLANG_ENABLE_OBJC_ARC = YES;
				CLANG_ENABLE_OBJC_WEAK = YES;
				CLANG_WARN_BLOCK_CAPTURE_AUTORELEASING = YES;
				CLANG_WARN_BOOL_CONVERSION = YES;
				CLANG_WARN_COMMA = YES;
				CLANG_WARN_CONSTANT_CONVERSION = YES;
				CLANG_WARN_DEPRECATED_OBJC_IMPLEMENTATIONS = YES;
				CLANG_WARN_DIRECT_OBJC_ISA_USAGE = YES_ERROR;
				CLANG_WARN_DOCUMENTATION_COMMENTS = YES;
				CLANG_WARN_EMPTY_BODY = YES;
				CLANG_WARN_ENUM_CONVERSION = YES;
				CLANG_WARN_INFINITE_RECURSION = YES;
				CLANG_WARN_INT_CONVERSION = YES;
				CLANG_WARN_NON_LITERAL_NULL_CONVERSION = YES;
				CLANG_WARN_OBJC_IMPLICIT_RETAIN_SELF = YES;
				CLANG_WARN_OBJC_LITERAL_CONVERSION = YES;
				CLANG_WARN_OBJC_ROOT_CLASS = YES_ERROR;
				CLANG_WARN_QUOTED_INCLUDE_IN_FRAMEWORK_HEADER = YES;
				CLANG_WARN_RANGE_LOOP_ANALYSIS = YES;
				CLANG_WARN_STRICT_PROTOTYPES = YES;
				CLANG_WARN_SUSPICIOUS_MOVE = YES;
				CLANG_WARN_UNGUARDED_AVAILABILITY = YES_AGGRESSIVE;
				CLANG_WARN_UNREACHABLE_CODE = YES;
				CLANG_WARN__DUPLICATE_METHOD_MATCH = YES;
				COPY_PHASE_STRIP = NO;
				DEAD_CODE_STRIPPING = YES;
				DEBUG_INFORMATION_FORMAT = "dwarf-with-dsym";
				ENABLE_NS_ASSERTIONS = NO;
				ENABLE_STRICT_OBJC_MSGSEND = YES;
				GCC_C_LANGUAGE_STANDARD = gnu11;
				GCC_NO_COMMON_BLOCKS = YES;
				GCC_WARN_64_TO_32_BIT_CONVERSION = YES;
				GCC_WARN_ABOUT_RETURN_TYPE = YES_ERROR;
				GCC_WARN_UNDECLARED_SELECTOR = YES;
				GCC_WARN_UNINITIALIZED_AUTOS = YES_AGGRESSIVE;
				GCC_WARN_UNUSED_FUNCTION = YES;
				GCC_WARN_UNUSED_VARIABLE = YES;
				MTL_ENABLE_DEBUG_INFO = NO;
				PRODUCT_NAME = "$(TARGET_NAME)";
				VALIDATE_PRODUCT = YES;
			};
			name = Release;
		};
		29C64D7B3638AF1CF6758EF9 /* Debug */ = {
			isa = XCBuildConfiguration;
			buildSettings = {
				CODE_SIGN_IDENTITY = "iPhone Developer";
				HEADER_SEARCH_PATHS = (
					"$(inherited)",
					"$(SRCROOT)/../../../../Tuist/.build/checkouts/swift-navigation/Sources/UIKitNavigationShim/include",
					"$(SRCROOT)/../../../../Tuist/.build/checkouts/swift-syntax/Sources/_SwiftSyntaxCShims/include",
				);
				INFOPLIST_FILE = "Derived/InfoPlists/UseCaseTests-Info.plist";
				IPHONEOS_DEPLOYMENT_TARGET = 16.6;
				LD_RUNPATH_SEARCH_PATHS = (
					"$(inherited)",
					"@executable_path/Frameworks",
					"@loader_path/Frameworks",
				);
				OTHER_CFLAGS = (
					"$(inherited)",
					"-fmodule-map-file=$(SRCROOT)/../../../../Tuist/.build/checkouts/swift-syntax/Sources/_SwiftSyntaxCShims/include/module.modulemap",
					"-fmodule-map-file=$(SRCROOT)/../../../../Tuist/.build/tuist-derived/UIKitNavigationShim/UIKitNavigationShim.modulemap",
				);
				OTHER_SWIFT_FLAGS = "$(inherited) -Xcc -fmodule-map-file=$(SRCROOT)/../../../../Tuist/.build/checkouts/swift-syntax/Sources/_SwiftSyntaxCShims/include/module.modulemap -Xcc -fmodule-map-file=$(SRCROOT)/../../../../Tuist/.build/tuist-derived/UIKitNavigationShim/UIKitNavigationShim.modulemap -load-plugin-executable $BUILD_DIR/Debug$EFFECTIVE_PLATFORM_NAME/CasePathsMacros#CasePathsMacros -load-plugin-executable $BUILD_DIR/Debug$EFFECTIVE_PLATFORM_NAME/ComposableArchitectureMacros#ComposableArchitectureMacros -load-plugin-executable $BUILD_DIR/Debug$EFFECTIVE_PLATFORM_NAME/DependenciesMacrosPlugin#DependenciesMacrosPlugin -load-plugin-executable $BUILD_DIR/Debug$EFFECTIVE_PLATFORM_NAME/LogMacroMacro#LogMacroMacro -load-plugin-executable $BUILD_DIR/Debug$EFFECTIVE_PLATFORM_NAME/PerceptionMacros#PerceptionMacros -load-plugin-executable $BUILD_DIR/Debug$EFFECTIVE_PLATFORM_NAME/WeaveDIMacros#WeaveDIMacros";
				PRODUCT_BUNDLE_IDENTIFIER = io.Roy.Bandscape.UseCase.UseCaseTests;
				PRODUCT_NAME = UseCaseTests;
				SDKROOT = iphoneos;
				SUPPORTS_MACCATALYST = NO;
				SUPPORTS_MAC_DESIGNED_FOR_IPHONE_IPAD = NO;
				SUPPORTS_XR_DESIGNED_FOR_IPHONE_IPAD = NO;
				SWIFT_ACTIVE_COMPILATION_CONDITIONS = "$(inherited) DEBUG";
				SWIFT_COMPILATION_MODE = singlefile;
				SWIFT_OPTIMIZATION_LEVEL = "-Onone";
				SWIFT_VERSION = 5.0;
				TARGETED_DEVICE_FAMILY = 1;
			};
			name = Debug;
		};
		48111A59F459FF616EFC7CFF /* Debug */ = {
			isa = XCBuildConfiguration;
			buildSettings = {
				CODE_SIGN_IDENTITY = "";
				CURRENT_PROJECT_VERSION = 1;
				DEFINES_MODULE = YES;
				DYLIB_COMPATIBILITY_VERSION = 1;
				DYLIB_CURRENT_VERSION = 1;
				DYLIB_INSTALL_NAME_BASE = "@rpath";
				HEADER_SEARCH_PATHS = (
					"$(inherited)",
					"$(SRCROOT)/../../../../Tuist/.build/checkouts/swift-navigation/Sources/UIKitNavigationShim/include",
					"$(SRCROOT)/../../../../Tuist/.build/checkouts/swift-syntax/Sources/_SwiftSyntaxCShims/include",
				);
				INFOPLIST_FILE = "Derived/InfoPlists/UseCase-Prod-Info.plist";
				INSTALL_PATH = "$(LOCAL_LIBRARY_DIR)/Frameworks";
				IPHONEOS_DEPLOYMENT_TARGET = 16.6;
				LD_RUNPATH_SEARCH_PATHS = (
					"$(inherited)",
					"@executable_path/Frameworks",
					"@loader_path/Frameworks",
				);
				MACH_O_TYPE = staticlib;
				OTHER_CFLAGS = (
					"$(inherited)",
					"-fmodule-map-file=$(SRCROOT)/../../../../Tuist/.build/checkouts/swift-syntax/Sources/_SwiftSyntaxCShims/include/module.modulemap",
					"-fmodule-map-file=$(SRCROOT)/../../../../Tuist/.build/tuist-derived/UIKitNavigationShim/UIKitNavigationShim.modulemap",
				);
				OTHER_SWIFT_FLAGS = "$(inherited) -Xcc -fmodule-map-file=$(SRCROOT)/../../../../Tuist/.build/checkouts/swift-syntax/Sources/_SwiftSyntaxCShims/include/module.modulemap -Xcc -fmodule-map-file=$(SRCROOT)/../../../../Tuist/.build/tuist-derived/UIKitNavigationShim/UIKitNavigationShim.modulemap -load-plugin-executable $BUILD_DIR/Debug$EFFECTIVE_PLATFORM_NAME/CasePathsMacros#CasePathsMacros -load-plugin-executable $BUILD_DIR/Debug$EFFECTIVE_PLATFORM_NAME/ComposableArchitectureMacros#ComposableArchitectureMacros -load-plugin-executable $BUILD_DIR/Debug$EFFECTIVE_PLATFORM_NAME/DependenciesMacrosPlugin#DependenciesMacrosPlugin -load-plugin-executable $BUILD_DIR/Debug$EFFECTIVE_PLATFORM_NAME/LogMacroMacro#LogMacroMacro -load-plugin-executable $BUILD_DIR/Debug$EFFECTIVE_PLATFORM_NAME/PerceptionMacros#PerceptionMacros -load-plugin-executable $BUILD_DIR/Debug$EFFECTIVE_PLATFORM_NAME/WeaveDIMacros#WeaveDIMacros";
				PRODUCT_BUNDLE_IDENTIFIER = io.Roy.Bandscape.UseCase;
				PRODUCT_NAME = UseCase_Prod;
				SDKROOT = iphoneos;
				SKIP_INSTALL = YES;
				SUPPORTS_MACCATALYST = NO;
				SUPPORTS_MAC_DESIGNED_FOR_IPHONE_IPAD = NO;
				SUPPORTS_XR_DESIGNED_FOR_IPHONE_IPAD = NO;
				SWIFT_ACTIVE_COMPILATION_CONDITIONS = "$(inherited) DEBUG";
				SWIFT_COMPILATION_MODE = singlefile;
				SWIFT_OPTIMIZATION_LEVEL = "-Onone";
				SWIFT_VERSION = 5.0;
				TARGETED_DEVICE_FAMILY = 1;
				VERSIONING_SYSTEM = "apple-generic";
				VERSION_INFO_PREFIX = "";
			};
			name = Debug;
		};
		56E3444FE06A0693B12DBC80 /* Release */ = {
			isa = XCBuildConfiguration;
			buildSettings = {
				CODE_SIGN_IDENTITY = "";
				CURRENT_PROJECT_VERSION = 1;
				DEFINES_MODULE = YES;
				DYLIB_COMPATIBILITY_VERSION = 1;
				DYLIB_CURRENT_VERSION = 1;
				DYLIB_INSTALL_NAME_BASE = "@rpath";
				HEADER_SEARCH_PATHS = (
					"$(inherited)",
					"$(SRCROOT)/../../../../Tuist/.build/checkouts/swift-navigation/Sources/UIKitNavigationShim/include",
					"$(SRCROOT)/../../../../Tuist/.build/checkouts/swift-syntax/Sources/_SwiftSyntaxCShims/include",
				);
				INFOPLIST_FILE = "Derived/InfoPlists/UseCase-Prod-Info.plist";
				INSTALL_PATH = "$(LOCAL_LIBRARY_DIR)/Frameworks";
				IPHONEOS_DEPLOYMENT_TARGET = 16.6;
				LD_RUNPATH_SEARCH_PATHS = (
					"$(inherited)",
					"@executable_path/Frameworks",
					"@loader_path/Frameworks",
				);
				MACH_O_TYPE = staticlib;
				OTHER_CFLAGS = (
					"$(inherited)",
					"-fmodule-map-file=$(SRCROOT)/../../../../Tuist/.build/checkouts/swift-syntax/Sources/_SwiftSyntaxCShims/include/module.modulemap",
					"-fmodule-map-file=$(SRCROOT)/../../../../Tuist/.build/tuist-derived/UIKitNavigationShim/UIKitNavigationShim.modulemap",
				);
				OTHER_SWIFT_FLAGS = "$(inherited) -Xcc -fmodule-map-file=$(SRCROOT)/../../../../Tuist/.build/checkouts/swift-syntax/Sources/_SwiftSyntaxCShims/include/module.modulemap -Xcc -fmodule-map-file=$(SRCROOT)/../../../../Tuist/.build/tuist-derived/UIKitNavigationShim/UIKitNavigationShim.modulemap -load-plugin-executable $BUILD_DIR/Debug$EFFECTIVE_PLATFORM_NAME/CasePathsMacros#CasePathsMacros -load-plugin-executable $BUILD_DIR/Debug$EFFECTIVE_PLATFORM_NAME/ComposableArchitectureMacros#ComposableArchitectureMacros -load-plugin-executable $BUILD_DIR/Debug$EFFECTIVE_PLATFORM_NAME/DependenciesMacrosPlugin#DependenciesMacrosPlugin -load-plugin-executable $BUILD_DIR/Debug$EFFECTIVE_PLATFORM_NAME/LogMacroMacro#LogMacroMacro -load-plugin-executable $BUILD_DIR/Debug$EFFECTIVE_PLATFORM_NAME/PerceptionMacros#PerceptionMacros -load-plugin-executable $BUILD_DIR/Debug$EFFECTIVE_PLATFORM_NAME/WeaveDIMacros#WeaveDIMacros";
				PRODUCT_BUNDLE_IDENTIFIER = io.Roy.Bandscape.UseCase;
				PRODUCT_NAME = UseCase_Prod;
				SDKROOT = iphoneos;
				SKIP_INSTALL = YES;
				SUPPORTS_MACCATALYST = NO;
				SUPPORTS_MAC_DESIGNED_FOR_IPHONE_IPAD = NO;
				SUPPORTS_XR_DESIGNED_FOR_IPHONE_IPAD = NO;
				SWIFT_COMPILATION_MODE = wholemodule;
				SWIFT_OPTIMIZATION_LEVEL = "-Owholemodule";
				SWIFT_VERSION = 5.0;
				TARGETED_DEVICE_FAMILY = 1;
				VERSIONING_SYSTEM = "apple-generic";
				VERSION_INFO_PREFIX = "";
			};
			name = Release;
		};
		95B76B7F46E3B797E745EBB4 /* Release */ = {
			isa = XCBuildConfiguration;
			buildSettings = {
				CODE_SIGN_IDENTITY = "";
				CURRENT_PROJECT_VERSION = 1;
				DEFINES_MODULE = YES;
				DYLIB_COMPATIBILITY_VERSION = 1;
				DYLIB_CURRENT_VERSION = 1;
				DYLIB_INSTALL_NAME_BASE = "@rpath";
				HEADER_SEARCH_PATHS = (
					"$(inherited)",
					"$(SRCROOT)/../../../../Tuist/.build/checkouts/swift-navigation/Sources/UIKitNavigationShim/include",
					"$(SRCROOT)/../../../../Tuist/.build/checkouts/swift-syntax/Sources/_SwiftSyntaxCShims/include",
				);
				INFOPLIST_FILE = "Derived/InfoPlists/UseCase-Info.plist";
				INSTALL_PATH = "$(LOCAL_LIBRARY_DIR)/Frameworks";
				IPHONEOS_DEPLOYMENT_TARGET = 16.6;
				LD_RUNPATH_SEARCH_PATHS = (
					"$(inherited)",
					"@executable_path/Frameworks",
					"@loader_path/Frameworks",
				);
				MACH_O_TYPE = staticlib;
				OTHER_CFLAGS = (
					"$(inherited)",
					"-fmodule-map-file=$(SRCROOT)/../../../../Tuist/.build/checkouts/swift-syntax/Sources/_SwiftSyntaxCShims/include/module.modulemap",
					"-fmodule-map-file=$(SRCROOT)/../../../../Tuist/.build/tuist-derived/UIKitNavigationShim/UIKitNavigationShim.modulemap",
				);
				OTHER_SWIFT_FLAGS = "$(inherited) -Xcc -fmodule-map-file=$(SRCROOT)/../../../../Tuist/.build/checkouts/swift-syntax/Sources/_SwiftSyntaxCShims/include/module.modulemap -Xcc -fmodule-map-file=$(SRCROOT)/../../../../Tuist/.build/tuist-derived/UIKitNavigationShim/UIKitNavigationShim.modulemap -load-plugin-executable $BUILD_DIR/Debug$EFFECTIVE_PLATFORM_NAME/CasePathsMacros#CasePathsMacros -load-plugin-executable $BUILD_DIR/Debug$EFFECTIVE_PLATFORM_NAME/ComposableArchitectureMacros#ComposableArchitectureMacros -load-plugin-executable $BUILD_DIR/Debug$EFFECTIVE_PLATFORM_NAME/DependenciesMacrosPlugin#DependenciesMacrosPlugin -load-plugin-executable $BUILD_DIR/Debug$EFFECTIVE_PLATFORM_NAME/LogMacroMacro#LogMacroMacro -load-plugin-executable $BUILD_DIR/Debug$EFFECTIVE_PLATFORM_NAME/PerceptionMacros#PerceptionMacros -load-plugin-executable $BUILD_DIR/Debug$EFFECTIVE_PLATFORM_NAME/WeaveDIMacros#WeaveDIMacros";
				PRODUCT_BUNDLE_IDENTIFIER = io.Roy.Bandscape.UseCase;
				PRODUCT_NAME = UseCase;
				SDKROOT = iphoneos;
				SKIP_INSTALL = YES;
				SUPPORTS_MACCATALYST = NO;
				SUPPORTS_MAC_DESIGNED_FOR_IPHONE_IPAD = NO;
				SUPPORTS_XR_DESIGNED_FOR_IPHONE_IPAD = NO;
				SWIFT_COMPILATION_MODE = wholemodule;
				SWIFT_OPTIMIZATION_LEVEL = "-Owholemodule";
				SWIFT_VERSION = 5.0;
				TARGETED_DEVICE_FAMILY = 1;
				VERSIONING_SYSTEM = "apple-generic";
				VERSION_INFO_PREFIX = "";
			};
			name = Release;
		};
		A2EFE8438F07C858FC1E0EB0 /* Debug */ = {
			isa = XCBuildConfiguration;
			buildSettings = {
				CODE_SIGN_IDENTITY = "";
				CURRENT_PROJECT_VERSION = 1;
				DEFINES_MODULE = YES;
				DYLIB_COMPATIBILITY_VERSION = 1;
				DYLIB_CURRENT_VERSION = 1;
				DYLIB_INSTALL_NAME_BASE = "@rpath";
				HEADER_SEARCH_PATHS = (
					"$(inherited)",
					"$(SRCROOT)/../../../../Tuist/.build/checkouts/swift-navigation/Sources/UIKitNavigationShim/include",
					"$(SRCROOT)/../../../../Tuist/.build/checkouts/swift-syntax/Sources/_SwiftSyntaxCShims/include",
				);
				INFOPLIST_FILE = "Derived/InfoPlists/UseCase-Info.plist";
				INSTALL_PATH = "$(LOCAL_LIBRARY_DIR)/Frameworks";
				IPHONEOS_DEPLOYMENT_TARGET = 16.6;
				LD_RUNPATH_SEARCH_PATHS = (
					"$(inherited)",
					"@executable_path/Frameworks",
					"@loader_path/Frameworks",
				);
				MACH_O_TYPE = staticlib;
				OTHER_CFLAGS = (
					"$(inherited)",
					"-fmodule-map-file=$(SRCROOT)/../../../../Tuist/.build/checkouts/swift-syntax/Sources/_SwiftSyntaxCShims/include/module.modulemap",
					"-fmodule-map-file=$(SRCROOT)/../../../../Tuist/.build/tuist-derived/UIKitNavigationShim/UIKitNavigationShim.modulemap",
				);
				OTHER_SWIFT_FLAGS = "$(inherited) -Xcc -fmodule-map-file=$(SRCROOT)/../../../../Tuist/.build/checkouts/swift-syntax/Sources/_SwiftSyntaxCShims/include/module.modulemap -Xcc -fmodule-map-file=$(SRCROOT)/../../../../Tuist/.build/tuist-derived/UIKitNavigationShim/UIKitNavigationShim.modulemap -load-plugin-executable $BUILD_DIR/Debug$EFFECTIVE_PLATFORM_NAME/CasePathsMacros#CasePathsMacros -load-plugin-executable $BUILD_DIR/Debug$EFFECTIVE_PLATFORM_NAME/ComposableArchitectureMacros#ComposableArchitectureMacros -load-plugin-executable $BUILD_DIR/Debug$EFFECTIVE_PLATFORM_NAME/DependenciesMacrosPlugin#DependenciesMacrosPlugin -load-plugin-executable $BUILD_DIR/Debug$EFFECTIVE_PLATFORM_NAME/LogMacroMacro#LogMacroMacro -load-plugin-executable $BUILD_DIR/Debug$EFFECTIVE_PLATFORM_NAME/PerceptionMacros#PerceptionMacros -load-plugin-executable $BUILD_DIR/Debug$EFFECTIVE_PLATFORM_NAME/WeaveDIMacros#WeaveDIMacros";
				PRODUCT_BUNDLE_IDENTIFIER = io.Roy.Bandscape.UseCase;
				PRODUCT_NAME = UseCase;
				SDKROOT = iphoneos;
				SKIP_INSTALL = YES;
				SUPPORTS_MACCATALYST = NO;
				SUPPORTS_MAC_DESIGNED_FOR_IPHONE_IPAD = NO;
				SUPPORTS_XR_DESIGNED_FOR_IPHONE_IPAD = NO;
				SWIFT_ACTIVE_COMPILATION_CONDITIONS = "$(inherited) DEBUG";
				SWIFT_COMPILATION_MODE = singlefile;
				SWIFT_OPTIMIZATION_LEVEL = "-Onone";
				SWIFT_VERSION = 5.0;
				TARGETED_DEVICE_FAMILY = 1;
				VERSIONING_SYSTEM = "apple-generic";
				VERSION_INFO_PREFIX = "";
			};
			name = Debug;
		};
		A66A532BD64AE2C75EBC32D1 /* Release */ = {
			isa = XCBuildConfiguration;
			buildSettings = {
				CODE_SIGN_IDENTITY = "iPhone Developer";
				HEADER_SEARCH_PATHS = (
					"$(inherited)",
					"$(SRCROOT)/../../../../Tuist/.build/checkouts/swift-navigation/Sources/UIKitNavigationShim/include",
					"$(SRCROOT)/../../../../Tuist/.build/checkouts/swift-syntax/Sources/_SwiftSyntaxCShims/include",
				);
				INFOPLIST_FILE = "Derived/InfoPlists/UseCaseTests-Info.plist";
				IPHONEOS_DEPLOYMENT_TARGET = 16.6;
				LD_RUNPATH_SEARCH_PATHS = (
					"$(inherited)",
					"@executable_path/Frameworks",
					"@loader_path/Frameworks",
				);
				OTHER_CFLAGS = (
					"$(inherited)",
					"-fmodule-map-file=$(SRCROOT)/../../../../Tuist/.build/checkouts/swift-syntax/Sources/_SwiftSyntaxCShims/include/module.modulemap",
					"-fmodule-map-file=$(SRCROOT)/../../../../Tuist/.build/tuist-derived/UIKitNavigationShim/UIKitNavigationShim.modulemap",
				);
				OTHER_SWIFT_FLAGS = "$(inherited) -Xcc -fmodule-map-file=$(SRCROOT)/../../../../Tuist/.build/checkouts/swift-syntax/Sources/_SwiftSyntaxCShims/include/module.modulemap -Xcc -fmodule-map-file=$(SRCROOT)/../../../../Tuist/.build/tuist-derived/UIKitNavigationShim/UIKitNavigationShim.modulemap -load-plugin-executable $BUILD_DIR/Debug$EFFECTIVE_PLATFORM_NAME/CasePathsMacros#CasePathsMacros -load-plugin-executable $BUILD_DIR/Debug$EFFECTIVE_PLATFORM_NAME/ComposableArchitectureMacros#ComposableArchitectureMacros -load-plugin-executable $BUILD_DIR/Debug$EFFECTIVE_PLATFORM_NAME/DependenciesMacrosPlugin#DependenciesMacrosPlugin -load-plugin-executable $BUILD_DIR/Debug$EFFECTIVE_PLATFORM_NAME/LogMacroMacro#LogMacroMacro -load-plugin-executable $BUILD_DIR/Debug$EFFECTIVE_PLATFORM_NAME/PerceptionMacros#PerceptionMacros -load-plugin-executable $BUILD_DIR/Debug$EFFECTIVE_PLATFORM_NAME/WeaveDIMacros#WeaveDIMacros";
				PRODUCT_BUNDLE_IDENTIFIER = io.Roy.Bandscape.UseCase.UseCaseTests;
				PRODUCT_NAME = UseCaseTests;
				SDKROOT = iphoneos;
				SUPPORTS_MACCATALYST = NO;
				SUPPORTS_MAC_DESIGNED_FOR_IPHONE_IPAD = NO;
				SUPPORTS_XR_DESIGNED_FOR_IPHONE_IPAD = NO;
				SWIFT_COMPILATION_MODE = wholemodule;
				SWIFT_OPTIMIZATION_LEVEL = "-Owholemodule";
				SWIFT_VERSION = 5.0;
				TARGETED_DEVICE_FAMILY = 1;
			};
			name = Release;
		};
		C05B9ADA11AAC3819AF6182A /* Release */ = {
			isa = XCBuildConfiguration;
			buildSettings = {
				CODE_SIGN_IDENTITY = "";
				CURRENT_PROJECT_VERSION = 1;
				DEFINES_MODULE = YES;
				DYLIB_COMPATIBILITY_VERSION = 1;
				DYLIB_CURRENT_VERSION = 1;
				DYLIB_INSTALL_NAME_BASE = "@rpath";
				HEADER_SEARCH_PATHS = (
					"$(inherited)",
					"$(SRCROOT)/../../../../Tuist/.build/checkouts/swift-navigation/Sources/UIKitNavigationShim/include",
					"$(SRCROOT)/../../../../Tuist/.build/checkouts/swift-syntax/Sources/_SwiftSyntaxCShims/include",
				);
				INFOPLIST_FILE = "Derived/InfoPlists/UseCase-Debug-Info.plist";
				INSTALL_PATH = "$(LOCAL_LIBRARY_DIR)/Frameworks";
				IPHONEOS_DEPLOYMENT_TARGET = 16.6;
				LD_RUNPATH_SEARCH_PATHS = (
					"$(inherited)",
					"@executable_path/Frameworks",
					"@loader_path/Frameworks",
				);
				MACH_O_TYPE = staticlib;
				OTHER_CFLAGS = (
					"$(inherited)",
					"-fmodule-map-file=$(SRCROOT)/../../../../Tuist/.build/checkouts/swift-syntax/Sources/_SwiftSyntaxCShims/include/module.modulemap",
					"-fmodule-map-file=$(SRCROOT)/../../../../Tuist/.build/tuist-derived/UIKitNavigationShim/UIKitNavigationShim.modulemap",
				);
				OTHER_SWIFT_FLAGS = "$(inherited) -Xcc -fmodule-map-file=$(SRCROOT)/../../../../Tuist/.build/checkouts/swift-syntax/Sources/_SwiftSyntaxCShims/include/module.modulemap -Xcc -fmodule-map-file=$(SRCROOT)/../../../../Tuist/.build/tuist-derived/UIKitNavigationShim/UIKitNavigationShim.modulemap -load-plugin-executable $BUILD_DIR/Debug$EFFECTIVE_PLATFORM_NAME/CasePathsMacros#CasePathsMacros -load-plugin-executable $BUILD_DIR/Debug$EFFECTIVE_PLATFORM_NAME/ComposableArchitectureMacros#ComposableArchitectureMacros -load-plugin-executable $BUILD_DIR/Debug$EFFECTIVE_PLATFORM_NAME/DependenciesMacrosPlugin#DependenciesMacrosPlugin -load-plugin-executable $BUILD_DIR/Debug$EFFECTIVE_PLATFORM_NAME/LogMacroMacro#LogMacroMacro -load-plugin-executable $BUILD_DIR/Debug$EFFECTIVE_PLATFORM_NAME/PerceptionMacros#PerceptionMacros -load-plugin-executable $BUILD_DIR/Debug$EFFECTIVE_PLATFORM_NAME/WeaveDIMacros#WeaveDIMacros";
				PRODUCT_BUNDLE_IDENTIFIER = io.Roy.Bandscape.UseCase;
				PRODUCT_NAME = UseCase_Debug;
				SDKROOT = iphoneos;
				SKIP_INSTALL = YES;
				SUPPORTS_MACCATALYST = NO;
				SUPPORTS_MAC_DESIGNED_FOR_IPHONE_IPAD = NO;
				SUPPORTS_XR_DESIGNED_FOR_IPHONE_IPAD = NO;
				SWIFT_COMPILATION_MODE = wholemodule;
				SWIFT_OPTIMIZATION_LEVEL = "-Owholemodule";
				SWIFT_VERSION = 5.0;
				TARGETED_DEVICE_FAMILY = 1;
				VERSIONING_SYSTEM = "apple-generic";
				VERSION_INFO_PREFIX = "";
			};
			name = Release;
		};
		E5C47F2B5F4AF20DC2D80193 /* Debug */ = {
			isa = XCBuildConfiguration;
			buildSettings = {
				CODE_SIGN_IDENTITY = "";
				CURRENT_PROJECT_VERSION = 1;
				DEFINES_MODULE = YES;
				DYLIB_COMPATIBILITY_VERSION = 1;
				DYLIB_CURRENT_VERSION = 1;
				DYLIB_INSTALL_NAME_BASE = "@rpath";
				HEADER_SEARCH_PATHS = (
					"$(inherited)",
					"$(SRCROOT)/../../../../Tuist/.build/checkouts/swift-navigation/Sources/UIKitNavigationShim/include",
					"$(SRCROOT)/../../../../Tuist/.build/checkouts/swift-syntax/Sources/_SwiftSyntaxCShims/include",
				);
				INFOPLIST_FILE = "Derived/InfoPlists/UseCase-Debug-Info.plist";
				INSTALL_PATH = "$(LOCAL_LIBRARY_DIR)/Frameworks";
				IPHONEOS_DEPLOYMENT_TARGET = 16.6;
				LD_RUNPATH_SEARCH_PATHS = (
					"$(inherited)",
					"@executable_path/Frameworks",
					"@loader_path/Frameworks",
				);
				MACH_O_TYPE = staticlib;
				OTHER_CFLAGS = (
					"$(inherited)",
					"-fmodule-map-file=$(SRCROOT)/../../../../Tuist/.build/checkouts/swift-syntax/Sources/_SwiftSyntaxCShims/include/module.modulemap",
					"-fmodule-map-file=$(SRCROOT)/../../../../Tuist/.build/tuist-derived/UIKitNavigationShim/UIKitNavigationShim.modulemap",
				);
				OTHER_SWIFT_FLAGS = "$(inherited) -Xcc -fmodule-map-file=$(SRCROOT)/../../../../Tuist/.build/checkouts/swift-syntax/Sources/_SwiftSyntaxCShims/include/module.modulemap -Xcc -fmodule-map-file=$(SRCROOT)/../../../../Tuist/.build/tuist-derived/UIKitNavigationShim/UIKitNavigationShim.modulemap -load-plugin-executable $BUILD_DIR/Debug$EFFECTIVE_PLATFORM_NAME/CasePathsMacros#CasePathsMacros -load-plugin-executable $BUILD_DIR/Debug$EFFECTIVE_PLATFORM_NAME/ComposableArchitectureMacros#ComposableArchitectureMacros -load-plugin-executable $BUILD_DIR/Debug$EFFECTIVE_PLATFORM_NAME/DependenciesMacrosPlugin#DependenciesMacrosPlugin -load-plugin-executable $BUILD_DIR/Debug$EFFECTIVE_PLATFORM_NAME/LogMacroMacro#LogMacroMacro -load-plugin-executable $BUILD_DIR/Debug$EFFECTIVE_PLATFORM_NAME/PerceptionMacros#PerceptionMacros -load-plugin-executable $BUILD_DIR/Debug$EFFECTIVE_PLATFORM_NAME/WeaveDIMacros#WeaveDIMacros";
				PRODUCT_BUNDLE_IDENTIFIER = io.Roy.Bandscape.UseCase;
				PRODUCT_NAME = UseCase_Debug;
				SDKROOT = iphoneos;
				SKIP_INSTALL = YES;
				SUPPORTS_MACCATALYST = NO;
				SUPPORTS_MAC_DESIGNED_FOR_IPHONE_IPAD = NO;
				SUPPORTS_XR_DESIGNED_FOR_IPHONE_IPAD = NO;
				SWIFT_ACTIVE_COMPILATION_CONDITIONS = "$(inherited) DEBUG";
				SWIFT_COMPILATION_MODE = singlefile;
				SWIFT_OPTIMIZATION_LEVEL = "-Onone";
				SWIFT_VERSION = 5.0;
				TARGETED_DEVICE_FAMILY = 1;
				VERSIONING_SYSTEM = "apple-generic";
				VERSION_INFO_PREFIX = "";
			};
			name = Debug;
		};
		E72544F8ABBEF08750AE1E0C /* Debug */ = {
			isa = XCBuildConfiguration;
			buildSettings = {
				ALWAYS_SEARCH_USER_PATHS = NO;
				CLANG_ANALYZER_LOCALIZABILITY_NONLOCALIZED = YES;
				CLANG_ANALYZER_NONNULL = YES;
				CLANG_ANALYZER_NUMBER_OBJECT_CONVERSION = YES_AGGRESSIVE;
				CLANG_CXX_LANGUAGE_STANDARD = "gnu++14";
				CLANG_CXX_LIBRARY = "libc++";
				CLANG_ENABLE_MODULES = YES;
				CLANG_ENABLE_OBJC_ARC = YES;
				CLANG_ENABLE_OBJC_WEAK = YES;
				CLANG_WARN_BLOCK_CAPTURE_AUTORELEASING = YES;
				CLANG_WARN_BOOL_CONVERSION = YES;
				CLANG_WARN_COMMA = YES;
				CLANG_WARN_CONSTANT_CONVERSION = YES;
				CLANG_WARN_DEPRECATED_OBJC_IMPLEMENTATIONS = YES;
				CLANG_WARN_DIRECT_OBJC_ISA_USAGE = YES_ERROR;
				CLANG_WARN_DOCUMENTATION_COMMENTS = YES;
				CLANG_WARN_EMPTY_BODY = YES;
				CLANG_WARN_ENUM_CONVERSION = YES;
				CLANG_WARN_INFINITE_RECURSION = YES;
				CLANG_WARN_INT_CONVERSION = YES;
				CLANG_WARN_NON_LITERAL_NULL_CONVERSION = YES;
				CLANG_WARN_OBJC_IMPLICIT_RETAIN_SELF = YES;
				CLANG_WARN_OBJC_LITERAL_CONVERSION = YES;
				CLANG_WARN_OBJC_ROOT_CLASS = YES_ERROR;
				CLANG_WARN_QUOTED_INCLUDE_IN_FRAMEWORK_HEADER = YES;
				CLANG_WARN_RANGE_LOOP_ANALYSIS = YES;
				CLANG_WARN_STRICT_PROTOTYPES = YES;
				CLANG_WARN_SUSPICIOUS_MOVE = YES;
				CLANG_WARN_UNGUARDED_AVAILABILITY = YES_AGGRESSIVE;
				CLANG_WARN_UNREACHABLE_CODE = YES;
				CLANG_WARN__DUPLICATE_METHOD_MATCH = YES;
				COPY_PHASE_STRIP = NO;
				DEAD_CODE_STRIPPING = YES;
				DEBUG_INFORMATION_FORMAT = dwarf;
				ENABLE_STRICT_OBJC_MSGSEND = YES;
				ENABLE_TESTABILITY = YES;
				GCC_C_LANGUAGE_STANDARD = gnu11;
				GCC_DYNAMIC_NO_PIC = NO;
				GCC_NO_COMMON_BLOCKS = YES;
				GCC_OPTIMIZATION_LEVEL = 0;
				GCC_PREPROCESSOR_DEFINITIONS = (
					"DEBUG=1",
					"$(inherited)",
				);
				GCC_WARN_64_TO_32_BIT_CONVERSION = YES;
				GCC_WARN_ABOUT_RETURN_TYPE = YES_ERROR;
				GCC_WARN_UNDECLARED_SELECTOR = YES;
				GCC_WARN_UNINITIALIZED_AUTOS = YES_AGGRESSIVE;
				GCC_WARN_UNUSED_FUNCTION = YES;
				GCC_WARN_UNUSED_VARIABLE = YES;
				MTL_ENABLE_DEBUG_INFO = YES;
				ONLY_ACTIVE_ARCH = YES;
				PRODUCT_NAME = "$(TARGET_NAME)";
			};
			name = Debug;
		};
/* End XCBuildConfiguration section */

/* Begin XCConfigurationList section */
		146B70523CFCCD314A72B48F /* Build configuration list for PBXNativeTarget "UseCase-Prod" */ = {
			isa = XCConfigurationList;
			buildConfigurations = (
				48111A59F459FF616EFC7CFF /* Debug */,
				56E3444FE06A0693B12DBC80 /* Release */,
			);
			defaultConfigurationIsVisible = 0;
			defaultConfigurationName = Release;
		};
		40567AD739C47708EF00BE71 /* Build configuration list for PBXNativeTarget "UseCase" */ = {
			isa = XCConfigurationList;
			buildConfigurations = (
				A2EFE8438F07C858FC1E0EB0 /* Debug */,
				95B76B7F46E3B797E745EBB4 /* Release */,
			);
			defaultConfigurationIsVisible = 0;
			defaultConfigurationName = Release;
		};
		457FF1DD029A472E8F5461F7 /* Build configuration list for PBXProject "UseCase" */ = {
			isa = XCConfigurationList;
			buildConfigurations = (
				E72544F8ABBEF08750AE1E0C /* Debug */,
				1D21FF1BD6A4A1FE2F46B135 /* Release */,
			);
			defaultConfigurationIsVisible = 0;
			defaultConfigurationName = Release;
		};
		4C9F1943A5D5780A954F0765 /* Build configuration list for PBXNativeTarget "UseCase-Debug" */ = {
			isa = XCConfigurationList;
			buildConfigurations = (
				E5C47F2B5F4AF20DC2D80193 /* Debug */,
				C05B9ADA11AAC3819AF6182A /* Release */,
			);
			defaultConfigurationIsVisible = 0;
			defaultConfigurationName = Release;
		};
		946D7DFCDF034D49A19E16D8 /* Build configuration list for PBXNativeTarget "UseCase-Stage" */ = {
			isa = XCConfigurationList;
			buildConfigurations = (
				13B1968A302FF8831A5B3761 /* Debug */,
				0F2351BA83A11087724D90D2 /* Release */,
			);
			defaultConfigurationIsVisible = 0;
			defaultConfigurationName = Release;
		};
		A52EED1EFE544898B4337FD6 /* Build configuration list for PBXNativeTarget "UseCaseTests" */ = {
			isa = XCConfigurationList;
			buildConfigurations = (
				29C64D7B3638AF1CF6758EF9 /* Debug */,
				A66A532BD64AE2C75EBC32D1 /* Release */,
			);
			defaultConfigurationIsVisible = 0;
			defaultConfigurationName = Release;
		};
/* End XCConfigurationList section */
	};
	rootObject = 6BDC2ECB7C69CEDB1C1402B3 /* Project object */;
}
